// !$*UTF8*$!
{
	archiveVersion = 1;
	classes = {
	};
	objectVersion = 46;
	objects = {

/* Begin PBXBuildFile section */
		CE28679014B36EC5001E11D7 /* UIKit.framework in Frameworks */ = {isa = PBXBuildFile; fileRef = CE28678F14B36EC5001E11D7 /* UIKit.framework */; };
		CE28679214B36EC5001E11D7 /* Foundation.framework in Frameworks */ = {isa = PBXBuildFile; fileRef = CE28679114B36EC5001E11D7 /* Foundation.framework */; };
		CE28679414B36EC5001E11D7 /* CoreGraphics.framework in Frameworks */ = {isa = PBXBuildFile; fileRef = CE28679314B36EC5001E11D7 /* CoreGraphics.framework */; };
		CE28679A14B36EC5001E11D7 /* InfoPlist.strings in Resources */ = {isa = PBXBuildFile; fileRef = CE28679814B36EC5001E11D7 /* InfoPlist.strings */; };
		CE28679C14B36EC5001E11D7 /* main.m in Sources */ = {isa = PBXBuildFile; fileRef = CE28679B14B36EC5001E11D7 /* main.m */; };
		CE2867A014B36EC5001E11D7 /* MMAppDelegate.m in Sources */ = {isa = PBXBuildFile; fileRef = CE28679F14B36EC5001E11D7 /* MMAppDelegate.m */; };
		CE2867A814B36EC5001E11D7 /* SenTestingKit.framework in Frameworks */ = {isa = PBXBuildFile; fileRef = CE2867A714B36EC5001E11D7 /* SenTestingKit.framework */; };
		CE2867A914B36EC5001E11D7 /* UIKit.framework in Frameworks */ = {isa = PBXBuildFile; fileRef = CE28678F14B36EC5001E11D7 /* UIKit.framework */; };
		CE2867AA14B36EC5001E11D7 /* Foundation.framework in Frameworks */ = {isa = PBXBuildFile; fileRef = CE28679114B36EC5001E11D7 /* Foundation.framework */; };
		CE2867B214B36EC5001E11D7 /* InfoPlist.strings in Resources */ = {isa = PBXBuildFile; fileRef = CE2867B014B36EC5001E11D7 /* InfoPlist.strings */; };
		CE2867B514B36EC5001E11D7 /* MarshmallowsTests.m in Sources */ = {isa = PBXBuildFile; fileRef = CE2867B414B36EC5001E11D7 /* MarshmallowsTests.m */; };
/* End PBXBuildFile section */

/* Begin PBXContainerItemProxy section */
		CE2867AB14B36EC5001E11D7 /* PBXContainerItemProxy */ = {
			isa = PBXContainerItemProxy;
			containerPortal = CE28678214B36EC5001E11D7 /* Project object */;
			proxyType = 1;
			remoteGlobalIDString = CE28678A14B36EC5001E11D7;
			remoteInfo = Marshmallows;
		};
/* End PBXContainerItemProxy section */

/* Begin PBXFileReference section */
		CE28678B14B36EC5001E11D7 /* Marshmallows.app */ = {isa = PBXFileReference; explicitFileType = wrapper.application; includeInIndex = 0; path = Marshmallows.app; sourceTree = BUILT_PRODUCTS_DIR; };
		CE28678F14B36EC5001E11D7 /* UIKit.framework */ = {isa = PBXFileReference; lastKnownFileType = wrapper.framework; name = UIKit.framework; path = System/Library/Frameworks/UIKit.framework; sourceTree = SDKROOT; };
		CE28679114B36EC5001E11D7 /* Foundation.framework */ = {isa = PBXFileReference; lastKnownFileType = wrapper.framework; name = Foundation.framework; path = System/Library/Frameworks/Foundation.framework; sourceTree = SDKROOT; };
		CE28679314B36EC5001E11D7 /* CoreGraphics.framework */ = {isa = PBXFileReference; lastKnownFileType = wrapper.framework; name = CoreGraphics.framework; path = System/Library/Frameworks/CoreGraphics.framework; sourceTree = SDKROOT; };
		CE28679714B36EC5001E11D7 /* Marshmallows-Info.plist */ = {isa = PBXFileReference; path = "Marshmallows-Info.plist"; sourceTree = "<group>"; };
		CE28679914B36EC5001E11D7 /* en */ = {isa = PBXFileReference; lastKnownFileType = text.plist.strings; name = en; path = en.lproj/InfoPlist.strings; sourceTree = "<group>"; };
		CE28679B14B36EC5001E11D7 /* main.m */ = {isa = PBXFileReference; lastKnownFileType = sourcecode.c.objc; path = main.m; sourceTree = "<group>"; };
		CE28679D14B36EC5001E11D7 /* Marshmallows-Prefix.pch */ = {isa = PBXFileReference; path = "Marshmallows-Prefix.pch"; sourceTree = "<group>"; };
		CE28679E14B36EC5001E11D7 /* MMAppDelegate.h */ = {isa = PBXFileReference; path = MMAppDelegate.h; sourceTree = "<group>"; };
		CE28679F14B36EC5001E11D7 /* MMAppDelegate.m */ = {isa = PBXFileReference; lastKnownFileType = sourcecode.c.objc; path = MMAppDelegate.m; sourceTree = "<group>"; };
		CE2867A614B36EC5001E11D7 /* MarshmallowsTests.octest */ = {isa = PBXFileReference; explicitFileType = wrapper.cfbundle; includeInIndex = 0; path = MarshmallowsTests.octest; sourceTree = BUILT_PRODUCTS_DIR; };
		CE2867A714B36EC5001E11D7 /* SenTestingKit.framework */ = {isa = PBXFileReference; lastKnownFileType = wrapper.framework; name = SenTestingKit.framework; path = Library/Frameworks/SenTestingKit.framework; sourceTree = DEVELOPER_DIR; };
		CE2867AF14B36EC5001E11D7 /* MarshmallowsTests-Info.plist */ = {isa = PBXFileReference; path = "MarshmallowsTests-Info.plist"; sourceTree = "<group>"; };
		CE2867B114B36EC5001E11D7 /* en */ = {isa = PBXFileReference; lastKnownFileType = text.plist.strings; name = en; path = en.lproj/InfoPlist.strings; sourceTree = "<group>"; };
		CE2867B314B36EC5001E11D7 /* MarshmallowsTests.h */ = {isa = PBXFileReference; path = MarshmallowsTests.h; sourceTree = "<group>"; };
		CE2867B414B36EC5001E11D7 /* MarshmallowsTests.m */ = {isa = PBXFileReference; lastKnownFileType = sourcecode.c.objc; path = MarshmallowsTests.m; sourceTree = "<group>"; };
/* End PBXFileReference section */

/* Begin PBXFrameworksBuildPhase section */
		CE28678814B36EC5001E11D7 /* Frameworks */ = {
			isa = PBXFrameworksBuildPhase;
			buildActionMask = 2147483647;
			files = (
				CE28679014B36EC5001E11D7 /* UIKit.framework in Frameworks */,
				CE28679214B36EC5001E11D7 /* Foundation.framework in Frameworks */,
				CE28679414B36EC5001E11D7 /* CoreGraphics.framework in Frameworks */,
			);
			runOnlyForDeploymentPostprocessing = 0;
		};
		CE2867A214B36EC5001E11D7 /* Frameworks */ = {
			isa = PBXFrameworksBuildPhase;
			buildActionMask = 2147483647;
			files = (
				CE2867A814B36EC5001E11D7 /* SenTestingKit.framework in Frameworks */,
				CE2867A914B36EC5001E11D7 /* UIKit.framework in Frameworks */,
				CE2867AA14B36EC5001E11D7 /* Foundation.framework in Frameworks */,
			);
			runOnlyForDeploymentPostprocessing = 0;
		};
/* End PBXFrameworksBuildPhase section */

/* Begin PBXGroup section */
		CE28678014B36EC5001E11D7 = {
			isa = PBXGroup;
			children = (
				CE28679514B36EC5001E11D7 /* Marshmallows */,
				CE2867AD14B36EC5001E11D7 /* MarshmallowsTests */,
				CE28678E14B36EC5001E11D7 /* Frameworks */,
				CE28678C14B36EC5001E11D7 /* Products */,
			);
			sourceTree = "<group>";
		};
		CE28678C14B36EC5001E11D7 /* Products */ = {
			isa = PBXGroup;
			children = (
				CE28678B14B36EC5001E11D7 /* Marshmallows.app */,
				CE2867A614B36EC5001E11D7 /* MarshmallowsTests.octest */,
			);
			name = Products;
			sourceTree = "<group>";
		};
		CE28678E14B36EC5001E11D7 /* Frameworks */ = {
			isa = PBXGroup;
			children = (
				CE28678F14B36EC5001E11D7 /* UIKit.framework */,
				CE28679114B36EC5001E11D7 /* Foundation.framework */,
				CE28679314B36EC5001E11D7 /* CoreGraphics.framework */,
				CE2867A714B36EC5001E11D7 /* SenTestingKit.framework */,
			);
			name = Frameworks;
			sourceTree = "<group>";
		};
		CE28679514B36EC5001E11D7 /* Marshmallows */ = {
			isa = PBXGroup;
			children = (
				CE28679E14B36EC5001E11D7 /* MMAppDelegate.h */,
				CE28679F14B36EC5001E11D7 /* MMAppDelegate.m */,
				CE28679614B36EC5001E11D7 /* Supporting Files */,
			);
			path = Marshmallows;
			sourceTree = "<group>";
		};
		CE28679614B36EC5001E11D7 /* Supporting Files */ = {
			isa = PBXGroup;
			children = (
				CE28679714B36EC5001E11D7 /* Marshmallows-Info.plist */,
				CE28679814B36EC5001E11D7 /* InfoPlist.strings */,
				CE28679B14B36EC5001E11D7 /* main.m */,
				CE28679D14B36EC5001E11D7 /* Marshmallows-Prefix.pch */,
			);
			name = "Supporting Files";
			sourceTree = "<group>";
		};
		CE2867AD14B36EC5001E11D7 /* MarshmallowsTests */ = {
			isa = PBXGroup;
			children = (
				CE2867B314B36EC5001E11D7 /* MarshmallowsTests.h */,
				CE2867B414B36EC5001E11D7 /* MarshmallowsTests.m */,
				CE2867AE14B36EC5001E11D7 /* Supporting Files */,
			);
			path = MarshmallowsTests;
			sourceTree = "<group>";
		};
		CE2867AE14B36EC5001E11D7 /* Supporting Files */ = {
			isa = PBXGroup;
			children = (
				CE2867AF14B36EC5001E11D7 /* MarshmallowsTests-Info.plist */,
				CE2867B014B36EC5001E11D7 /* InfoPlist.strings */,
			);
			name = "Supporting Files";
			sourceTree = "<group>";
		};
/* End PBXGroup section */

/* Begin PBXNativeTarget section */
		CE28678A14B36EC5001E11D7 /* Marshmallows */ = {
			isa = PBXNativeTarget;
			buildConfigurationList = CE2867B814B36EC5001E11D7 /* Build configuration list for PBXNativeTarget "Marshmallows" */;
			buildPhases = (
				CE28678714B36EC5001E11D7 /* Sources */,
				CE28678814B36EC5001E11D7 /* Frameworks */,
				CE28678914B36EC5001E11D7 /* Resources */,
			);
			buildRules = (
			);
			dependencies = (
			);
			name = Marshmallows;
			productName = Marshmallows;
			productReference = CE28678B14B36EC5001E11D7 /* Marshmallows.app */;
			productType = "com.apple.product-type.application";
		};
		CE2867A514B36EC5001E11D7 /* MarshmallowsTests */ = {
			isa = PBXNativeTarget;
			buildConfigurationList = CE2867BB14B36EC5001E11D7 /* Build configuration list for PBXNativeTarget "MarshmallowsTests" */;
			buildPhases = (
				CE2867A114B36EC5001E11D7 /* Sources */,
				CE2867A214B36EC5001E11D7 /* Frameworks */,
				CE2867A314B36EC5001E11D7 /* Resources */,
				CE2867A414B36EC5001E11D7 /* ShellScript */,
			);
			buildRules = (
			);
			dependencies = (
				CE2867AC14B36EC5001E11D7 /* PBXTargetDependency */,
			);
			name = MarshmallowsTests;
			productName = MarshmallowsTests;
			productReference = CE2867A614B36EC5001E11D7 /* MarshmallowsTests.octest */;
			productType = "com.apple.product-type.bundle";
		};
/* End PBXNativeTarget section */

/* Begin PBXProject section */
		CE28678214B36EC5001E11D7 /* Project object */ = {
			isa = PBXProject;
			attributes = {
				LastUpgradeCheck = 0420;
			};
			buildConfigurationList = CE28678514B36EC5001E11D7 /* Build configuration list for PBXProject "Marshmallows" */;
			compatibilityVersion = "Xcode 3.2";
			developmentRegion = English;
			hasScannedForEncodings = 0;
			knownRegions = (
				en,
			);
			mainGroup = CE28678014B36EC5001E11D7;
			productRefGroup = CE28678C14B36EC5001E11D7 /* Products */;
			projectDirPath = "";
			projectRoot = "";
			targets = (
				CE28678A14B36EC5001E11D7 /* Marshmallows */,
				CE2867A514B36EC5001E11D7 /* MarshmallowsTests */,
			);
		};
/* End PBXProject section */

/* Begin PBXResourcesBuildPhase section */
		CE28678914B36EC5001E11D7 /* Resources */ = {
			isa = PBXResourcesBuildPhase;
			buildActionMask = 2147483647;
			files = (
				CE28679A14B36EC5001E11D7 /* InfoPlist.strings in Resources */,
			);
			runOnlyForDeploymentPostprocessing = 0;
		};
		CE2867A314B36EC5001E11D7 /* Resources */ = {
			isa = PBXResourcesBuildPhase;
			buildActionMask = 2147483647;
			files = (
				CE2867B214B36EC5001E11D7 /* InfoPlist.strings in Resources */,
			);
			runOnlyForDeploymentPostprocessing = 0;
		};
/* End PBXResourcesBuildPhase section */

/* Begin PBXShellScriptBuildPhase section */
		CE2867A414B36EC5001E11D7 /* ShellScript */ = {
			isa = PBXShellScriptBuildPhase;
			buildActionMask = 2147483647;
			files = (
			);
			inputPaths = (
			);
			outputPaths = (
			);
			runOnlyForDeploymentPostprocessing = 0;
			shellPath = /bin/sh;
			shellScript = "# Run the unit tests in this test bundle.\n\"${SYSTEM_DEVELOPER_DIR}/Tools/RunUnitTests\"\n";
		};
/* End PBXShellScriptBuildPhase section */

/* Begin PBXSourcesBuildPhase section */
		CE28678714B36EC5001E11D7 /* Sources */ = {
			isa = PBXSourcesBuildPhase;
			buildActionMask = 2147483647;
			files = (
				CE28679C14B36EC5001E11D7 /* main.m in Sources */,
				CE2867A014B36EC5001E11D7 /* MMAppDelegate.m in Sources */,
			);
			runOnlyForDeploymentPostprocessing = 0;
		};
		CE2867A114B36EC5001E11D7 /* Sources */ = {
			isa = PBXSourcesBuildPhase;
			buildActionMask = 2147483647;
			files = (
				CE2867B514B36EC5001E11D7 /* MarshmallowsTests.m in Sources */,
			);
			runOnlyForDeploymentPostprocessing = 0;
		};
/* End PBXSourcesBuildPhase section */

/* Begin PBXTargetDependency section */
		CE2867AC14B36EC5001E11D7 /* PBXTargetDependency */ = {
			isa = PBXTargetDependency;
			target = CE28678A14B36EC5001E11D7 /* Marshmallows */;
			targetProxy = CE2867AB14B36EC5001E11D7 /* PBXContainerItemProxy */;
		};
/* End PBXTargetDependency section */

/* Begin PBXVariantGroup section */
		CE28679814B36EC5001E11D7 /* InfoPlist.strings */ = {
			isa = PBXVariantGroup;
			children = (
				CE28679914B36EC5001E11D7 /* en */,
			);
			name = InfoPlist.strings;
			sourceTree = "<group>";
		};
		CE2867B014B36EC5001E11D7 /* InfoPlist.strings */ = {
			isa = PBXVariantGroup;
			children = (
				CE2867B114B36EC5001E11D7 /* en */,
			);
			name = InfoPlist.strings;
			sourceTree = "<group>";
		};
/* End PBXVariantGroup section */

/* Begin XCBuildConfiguration section */
		CE2867B614B36EC5001E11D7 /* Debug */ = {
			isa = XCBuildConfiguration;
			buildSettings = {
				ALWAYS_SEARCH_USER_PATHS = NO;
				ARCHS = "$(ARCHS_STANDARD_32_BIT)";
				CLANG_ENABLE_OBJC_ARC = YES;
				"CODE_SIGN_IDENTITY[sdk=iphoneos*]" = "iPhone Developer";
				COPY_PHASE_STRIP = NO;
				GCC_C_LANGUAGE_STANDARD = gnu99;
				GCC_DYNAMIC_NO_PIC = NO;
				GCC_OPTIMIZATION_LEVEL = 0;
				GCC_PREPROCESSOR_DEFINITIONS = (
					"DEBUG=1",
					"$(inherited)",
				);
				GCC_SYMBOLS_PRIVATE_EXTERN = NO;
				GCC_VERSION = com.apple.compilers.llvm.clang.1_0;
				GCC_WARN_ABOUT_MISSING_PROTOTYPES = YES;
				GCC_WARN_ABOUT_RETURN_TYPE = YES;
				GCC_WARN_UNUSED_VARIABLE = YES;
				IPHONEOS_DEPLOYMENT_TARGET = 5.0;
				SDKROOT = iphoneos;
			};
			name = Debug;
		};
		CE2867B714B36EC5001E11D7 /* Release */ = {
			isa = XCBuildConfiguration;
			buildSettings = {
				ALWAYS_SEARCH_USER_PATHS = NO;
				ARCHS = "$(ARCHS_STANDARD_32_BIT)";
				CLANG_ENABLE_OBJC_ARC = YES;
				"CODE_SIGN_IDENTITY[sdk=iphoneos*]" = "iPhone Developer";
				COPY_PHASE_STRIP = YES;
				GCC_C_LANGUAGE_STANDARD = gnu99;
				GCC_VERSION = com.apple.compilers.llvm.clang.1_0;
				GCC_WARN_ABOUT_MISSING_PROTOTYPES = YES;
				GCC_WARN_ABOUT_RETURN_TYPE = YES;
				GCC_WARN_UNUSED_VARIABLE = YES;
				IPHONEOS_DEPLOYMENT_TARGET = 5.0;
				OTHER_CFLAGS = "-DNS_BLOCK_ASSERTIONS=1";
				SDKROOT = iphoneos;
				VALIDATE_PRODUCT = YES;
			};
			name = Release;
		};
		CE2867B914B36EC5001E11D7 /* Debug */ = {
			isa = XCBuildConfiguration;
			buildSettings = {
				GCC_PRECOMPILE_PREFIX_HEADER = YES;
				GCC_PREFIX_HEADER = "Marshmallows/Marshmallows-Prefix.pch";
				INFOPLIST_FILE = "Marshmallows/Marshmallows-Info.plist";
				PRODUCT_NAME = "$(TARGET_NAME)";
				WRAPPER_EXTENSION = app;
			};
			name = Debug;
		};
		CE2867BA14B36EC5001E11D7 /* Release */ = {
			isa = XCBuildConfiguration;
			buildSettings = {
				GCC_PRECOMPILE_PREFIX_HEADER = YES;
				GCC_PREFIX_HEADER = "Marshmallows/Marshmallows-Prefix.pch";
				INFOPLIST_FILE = "Marshmallows/Marshmallows-Info.plist";
				PRODUCT_NAME = "$(TARGET_NAME)";
				WRAPPER_EXTENSION = app;
			};
			name = Release;
		};
		CE2867BC14B36EC5001E11D7 /* Debug */ = {
			isa = XCBuildConfiguration;
			buildSettings = {
				BUNDLE_LOADER = "$(BUILT_PRODUCTS_DIR)/Marshmallows.app/Marshmallows";
				FRAMEWORK_SEARCH_PATHS = (
					"$(SDKROOT)/Developer/Library/Frameworks",
					"$(DEVELOPER_LIBRARY_DIR)/Frameworks",
				);
				GCC_PRECOMPILE_PREFIX_HEADER = YES;
				GCC_PREFIX_HEADER = "Marshmallows/Marshmallows-Prefix.pch";
				INFOPLIST_FILE = "MarshmallowsTests/MarshmallowsTests-Info.plist";
				PRODUCT_NAME = "$(TARGET_NAME)";
				TEST_HOST = "$(BUNDLE_LOADER)";
				WRAPPER_EXTENSION = octest;
			};
			name = Debug;
		};
		CE2867BD14B36EC5001E11D7 /* Release */ = {
			isa = XCBuildConfiguration;
			buildSettings = {
				BUNDLE_LOADER = "$(BUILT_PRODUCTS_DIR)/Marshmallows.app/Marshmallows";
				FRAMEWORK_SEARCH_PATHS = (
					"$(SDKROOT)/Developer/Library/Frameworks",
					"$(DEVELOPER_LIBRARY_DIR)/Frameworks",
				);
				GCC_PRECOMPILE_PREFIX_HEADER = YES;
				GCC_PREFIX_HEADER = "Marshmallows/Marshmallows-Prefix.pch";
				INFOPLIST_FILE = "MarshmallowsTests/MarshmallowsTests-Info.plist";
				PRODUCT_NAME = "$(TARGET_NAME)";
				TEST_HOST = "$(BUNDLE_LOADER)";
				WRAPPER_EXTENSION = octest;
			};
			name = Release;
		};
/* End XCBuildConfiguration section */

/* Begin XCConfigurationList section */
		CE28678514B36EC5001E11D7 /* Build configuration list for PBXProject "Marshmallows" */ = {
			isa = XCConfigurationList;
			buildConfigurations = (
				CE2867B614B36EC5001E11D7 /* Debug */,
				CE2867B714B36EC5001E11D7 /* Release */,
			);
			defaultConfigurationIsVisible = 0;
			defaultConfigurationName = Release;
		};
		CE2867B814B36EC5001E11D7 /* Build configuration list for PBXNativeTarget "Marshmallows" */ = {
			isa = XCConfigurationList;
			buildConfigurations = (
				CE2867B914B36EC5001E11D7 /* Debug */,
				CE2867BA14B36EC5001E11D7 /* Release */,
			);
			defaultConfigurationIsVisible = 0;
		};
		CE2867BB14B36EC5001E11D7 /* Build configuration list for PBXNativeTarget "MarshmallowsTests" */ = {
			isa = XCConfigurationList;
			buildConfigurations = (
				CE2867BC14B36EC5001E11D7 /* Debug */,
				CE2867BD14B36EC5001E11D7 /* Release */,
			);
			defaultConfigurationIsVisible = 0;
		};
/* End XCConfigurationList section */
	};
	rootObject = CE28678214B36EC5001E11D7 /* Project object */;
}
