// !$*UTF8*$!
{
	archiveVersion = 1;
	classes = {
	};
	objectVersion = 46;
	objects = {

/* Begin PBXBuildFile section */
		A61CB97915CEE0D00054DBCE /* main.m in Sources */ = {isa = PBXBuildFile; fileRef = A61CB97815CEE0D00054DBCE /* main.m */; };
		A61CB97E15CEE3850054DBCE /* MUIMultiToggleButton.m in Sources */ = {isa = PBXBuildFile; fileRef = A61CB97B15CEE3850054DBCE /* MUIMultiToggleButton.m */; };
		A61CB97F15CEE3850054DBCE /* MUIPushButton.m in Sources */ = {isa = PBXBuildFile; fileRef = A61CB97D15CEE3850054DBCE /* MUIPushButton.m */; };
		A664EFB615CEEB8900182FFD /* Foundation.framework in Frameworks */ = {isa = PBXBuildFile; fileRef = CE28679114B36EC5001E11D7 /* Foundation.framework */; };
		A664EFBB15CEEB8900182FFD /* MarshmallowsStaticLib.h in CopyFiles */ = {isa = PBXBuildFile; fileRef = A664EFBA15CEEB8900182FFD /* MarshmallowsStaticLib.h */; };
		A664EFBD15CEEB8900182FFD /* MarshmallowsStaticLib.m in Sources */ = {isa = PBXBuildFile; fileRef = A664EFBC15CEEB8900182FFD /* MarshmallowsStaticLib.m */; };
		A664EFC115CEEB9800182FFD /* QuartzCore.framework in Frameworks */ = {isa = PBXBuildFile; fileRef = CE42C29C14BDC20D0049319C /* QuartzCore.framework */; };
		A664EFC215CEEB9D00182FFD /* GLKit.framework in Frameworks */ = {isa = PBXBuildFile; fileRef = CE2867C214B37156001E11D7 /* GLKit.framework */; };
		A664EFC315CEEB9D00182FFD /* OpenGLES.framework in Frameworks */ = {isa = PBXBuildFile; fileRef = CE2867C314B37156001E11D7 /* OpenGLES.framework */; };
		A664EFC415CEEBA800182FFD /* MMAnimator.m in Sources */ = {isa = PBXBuildFile; fileRef = CE8401E6151DD86100BDC2D2 /* MMAnimator.m */; };
		A664EFC515CEEBA800182FFD /* MMAnimatorTimingBlock.m in Sources */ = {isa = PBXBuildFile; fileRef = CE8401E8151DD86100BDC2D2 /* MMAnimatorTimingBlock.m */; };
		A664EFC615CEEBA800182FFD /* MMSimpleAnimator.m in Sources */ = {isa = PBXBuildFile; fileRef = CE8401EA151DD86100BDC2D2 /* MMSimpleAnimator.m */; };
		A664EFC715CEEBA800182FFD /* MMSimplePinnedAnimator.m in Sources */ = {isa = PBXBuildFile; fileRef = CE8401EC151DD86100BDC2D2 /* MMSimplePinnedAnimator.m */; };
		A664EFC815CEEBA800182FFD /* MMGLK.m in Sources */ = {isa = PBXBuildFile; fileRef = CE8401F0151DD86100BDC2D2 /* MMGLK.m */; };
		A664EFC915CEEBA800182FFD /* MACrossfadeLayer.m in Sources */ = {isa = PBXBuildFile; fileRef = CE8401F3151DD86100BDC2D2 /* MACrossfadeLayer.m */; };
		A664EFCA15CEEBA800182FFD /* MAImageCrossfadeLayer.m in Sources */ = {isa = PBXBuildFile; fileRef = CE8401F5151DD86100BDC2D2 /* MAImageCrossfadeLayer.m */; };
		A664EFCB15CEEBA800182FFD /* MAImageLayer.m in Sources */ = {isa = PBXBuildFile; fileRef = CE8401F7151DD86100BDC2D2 /* MAImageLayer.m */; };
		A664EFCC15CEEBA800182FFD /* MNSMutableObjectKeyDictionary.m in Sources */ = {isa = PBXBuildFile; fileRef = CE8401FC151DD86100BDC2D2 /* MNSMutableObjectKeyDictionary.m */; };
		A664EFCD15CEEBA800182FFD /* NSArray+Marshmallows.m in Sources */ = {isa = PBXBuildFile; fileRef = CE8401FE151DD86100BDC2D2 /* NSArray+Marshmallows.m */; };
		A664EFCE15CEEBA800182FFD /* NSError+Marshmallows.m in Sources */ = {isa = PBXBuildFile; fileRef = CE840200151DD86100BDC2D2 /* NSError+Marshmallows.m */; };
		A664EFCF15CEEBA800182FFD /* NSTimer+MMBlocks.m in Sources */ = {isa = PBXBuildFile; fileRef = CE840202151DD86100BDC2D2 /* NSTimer+MMBlocks.m */; };
		A664EFD015CEEBA800182FFD /* MCMainThreadProxy.m in Sources */ = {isa = PBXBuildFile; fileRef = CE840206151DD86100BDC2D2 /* MCMainThreadProxy.m */; };
		A664EFD115CEEBA800182FFD /* MCSimpleThreadProxy.m in Sources */ = {isa = PBXBuildFile; fileRef = CE840208151DD86100BDC2D2 /* MCSimpleThreadProxy.m */; };
		A664EFD215CEEBA800182FFD /* MCThreadProxyAbstract.m in Sources */ = {isa = PBXBuildFile; fileRef = CE84020A151DD86100BDC2D2 /* MCThreadProxyAbstract.m */; };
		A664EFD315CEEBA800182FFD /* MDBulkLogger.m in Sources */ = {isa = PBXBuildFile; fileRef = CE84020F151DD86100BDC2D2 /* MDBulkLogger.m */; };
		A664EFD415CEEBA800182FFD /* MPStopwatch.m in Sources */ = {isa = PBXBuildFile; fileRef = CE84021B151DD86100BDC2D2 /* MPStopwatch.m */; };
		A664EFD515CEEBA800182FFD /* MUIMultiToggleButton.m in Sources */ = {isa = PBXBuildFile; fileRef = A61CB97B15CEE3850054DBCE /* MUIMultiToggleButton.m */; };
		A664EFD615CEEBA800182FFD /* MUIPushButton.m in Sources */ = {isa = PBXBuildFile; fileRef = A61CB97D15CEE3850054DBCE /* MUIPushButton.m */; };
		A664EFD715CEEBA800182FFD /* MUICrossfadeView.m in Sources */ = {isa = PBXBuildFile; fileRef = CE840220151DD86100BDC2D2 /* MUICrossfadeView.m */; };
		A664EFD815CEEBA800182FFD /* UIColor+Marshmallows.m in Sources */ = {isa = PBXBuildFile; fileRef = CE840222151DD86100BDC2D2 /* UIColor+Marshmallows.m */; };
		A664EFD915CEEBA800182FFD /* UIImage+MMPixelData.m in Sources */ = {isa = PBXBuildFile; fileRef = CE840224151DD86100BDC2D2 /* UIImage+MMPixelData.m */; };
		A664EFDA15CEEBA800182FFD /* CEObjectiveCRuntime.m in Sources */ = {isa = PBXBuildFile; fileRef = CE840227151DD86100BDC2D2 /* CEObjectiveCRuntime.m */; };
		A664EFDB15CEEBB400182FFD /* MDTimeProfiler.mm in Sources */ = {isa = PBXBuildFile; fileRef = CE840211151DD86100BDC2D2 /* MDTimeProfiler.mm */; };
		A664EFDC15CEEBB400182FFD /* MDTimeProfilerOC.mm in Sources */ = {isa = PBXBuildFile; fileRef = CE840213151DD86100BDC2D2 /* MDTimeProfilerOC.mm */; };
		A664EFDD15CEEBBB00182FFD /* MarshmallowMathFunctions.c in Sources */ = {isa = PBXBuildFile; fileRef = CE840216151DD86100BDC2D2 /* MarshmallowMathFunctions.c */; };
		A664EFE615CEECB800182FFD /* MMAppDelegate.m in Sources */ = {isa = PBXBuildFile; fileRef = A664EFE515CEECB800182FFD /* MMAppDelegate.m */; };
		A6BE0C6615D017D000E0F43D /* UIView+Marshmallows.m in Sources */ = {isa = PBXBuildFile; fileRef = A6BE0C6515D017D000E0F43D /* UIView+Marshmallows.m */; };
		A6BE0C6715D017D000E0F43D /* UIView+Marshmallows.m in Sources */ = {isa = PBXBuildFile; fileRef = A6BE0C6515D017D000E0F43D /* UIView+Marshmallows.m */; };
		CE28679014B36EC5001E11D7 /* UIKit.framework in Frameworks */ = {isa = PBXBuildFile; fileRef = CE28678F14B36EC5001E11D7 /* UIKit.framework */; };
		CE28679214B36EC5001E11D7 /* Foundation.framework in Frameworks */ = {isa = PBXBuildFile; fileRef = CE28679114B36EC5001E11D7 /* Foundation.framework */; };
		CE28679414B36EC5001E11D7 /* CoreGraphics.framework in Frameworks */ = {isa = PBXBuildFile; fileRef = CE28679314B36EC5001E11D7 /* CoreGraphics.framework */; };
		CE2867A814B36EC5001E11D7 /* SenTestingKit.framework in Frameworks */ = {isa = PBXBuildFile; fileRef = CE2867A714B36EC5001E11D7 /* SenTestingKit.framework */; };
		CE2867ED14B378AD001E11D7 /* GLKit.framework in Frameworks */ = {isa = PBXBuildFile; fileRef = CE2867C214B37156001E11D7 /* GLKit.framework */; };
		CE2867EE14B378AD001E11D7 /* OpenGLES.framework in Frameworks */ = {isa = PBXBuildFile; fileRef = CE2867C314B37156001E11D7 /* OpenGLES.framework */; };
		CE28688014BA0D6C001E11D7 /* InfoPlist.strings in Resources */ = {isa = PBXBuildFile; fileRef = CE28687914BA0D6C001E11D7 /* InfoPlist.strings */; };
		CE28688614BA0FEF001E11D7 /* Foundation.framework in Frameworks */ = {isa = PBXBuildFile; fileRef = CE28679114B36EC5001E11D7 /* Foundation.framework */; };
		CE28688714BA0FFA001E11D7 /* UIKit.framework in Frameworks */ = {isa = PBXBuildFile; fileRef = CE28678F14B36EC5001E11D7 /* UIKit.framework */; };
		CE2868A614BA1063001E11D7 /* InfoPlist.strings in Resources */ = {isa = PBXBuildFile; fileRef = CE28689B14BA1063001E11D7 /* InfoPlist.strings */; };
		CE2868AA14BA1063001E11D7 /* GradientChrome.png in Resources */ = {isa = PBXBuildFile; fileRef = CE2868A314BA1063001E11D7 /* GradientChrome.png */; };
		CE2868AB14BA1063001E11D7 /* UIImageMMPixelDataTests.m in Sources */ = {isa = PBXBuildFile; fileRef = CE2868A514BA1063001E11D7 /* UIImageMMPixelDataTests.m */; };
		CE2868AC14BA10D1001E11D7 /* OpenGLES.framework in Frameworks */ = {isa = PBXBuildFile; fileRef = CE2867C314B37156001E11D7 /* OpenGLES.framework */; };
		CE2868AD14BA10D2001E11D7 /* GLKit.framework in Frameworks */ = {isa = PBXBuildFile; fileRef = CE2867C214B37156001E11D7 /* GLKit.framework */; };
		CE2868AE14BA10DF001E11D7 /* CoreGraphics.framework in Frameworks */ = {isa = PBXBuildFile; fileRef = CE28679314B36EC5001E11D7 /* CoreGraphics.framework */; };
		CE42C29D14BDC20D0049319C /* QuartzCore.framework in Frameworks */ = {isa = PBXBuildFile; fileRef = CE42C29C14BDC20D0049319C /* QuartzCore.framework */; };
		CE42C2B414BDDF000049319C /* MMAnimatorTests.m in Sources */ = {isa = PBXBuildFile; fileRef = CE42C2B314BDDF000049319C /* MMAnimatorTests.m */; };
		CE42C2B514BDE2540049319C /* QuartzCore.framework in Frameworks */ = {isa = PBXBuildFile; fileRef = CE42C29C14BDC20D0049319C /* QuartzCore.framework */; };
		CE840228151DD86100BDC2D2 /* MMAnimator.m in Sources */ = {isa = PBXBuildFile; fileRef = CE8401E6151DD86100BDC2D2 /* MMAnimator.m */; };
		CE840229151DD86100BDC2D2 /* MMAnimator.m in Sources */ = {isa = PBXBuildFile; fileRef = CE8401E6151DD86100BDC2D2 /* MMAnimator.m */; };
		CE84022A151DD86100BDC2D2 /* MMAnimatorTimingBlock.m in Sources */ = {isa = PBXBuildFile; fileRef = CE8401E8151DD86100BDC2D2 /* MMAnimatorTimingBlock.m */; };
		CE84022B151DD86100BDC2D2 /* MMAnimatorTimingBlock.m in Sources */ = {isa = PBXBuildFile; fileRef = CE8401E8151DD86100BDC2D2 /* MMAnimatorTimingBlock.m */; };
		CE84022C151DD86100BDC2D2 /* MMSimpleAnimator.m in Sources */ = {isa = PBXBuildFile; fileRef = CE8401EA151DD86100BDC2D2 /* MMSimpleAnimator.m */; };
		CE84022D151DD86100BDC2D2 /* MMSimpleAnimator.m in Sources */ = {isa = PBXBuildFile; fileRef = CE8401EA151DD86100BDC2D2 /* MMSimpleAnimator.m */; };
		CE84022E151DD86100BDC2D2 /* MMSimplePinnedAnimator.m in Sources */ = {isa = PBXBuildFile; fileRef = CE8401EC151DD86100BDC2D2 /* MMSimplePinnedAnimator.m */; };
		CE84022F151DD86100BDC2D2 /* MMSimplePinnedAnimator.m in Sources */ = {isa = PBXBuildFile; fileRef = CE8401EC151DD86100BDC2D2 /* MMSimplePinnedAnimator.m */; };
		CE840230151DD86100BDC2D2 /* MMGLK.m in Sources */ = {isa = PBXBuildFile; fileRef = CE8401F0151DD86100BDC2D2 /* MMGLK.m */; };
		CE840231151DD86100BDC2D2 /* MMGLK.m in Sources */ = {isa = PBXBuildFile; fileRef = CE8401F0151DD86100BDC2D2 /* MMGLK.m */; };
		CE840232151DD86100BDC2D2 /* MACrossfadeLayer.m in Sources */ = {isa = PBXBuildFile; fileRef = CE8401F3151DD86100BDC2D2 /* MACrossfadeLayer.m */; };
		CE840233151DD86100BDC2D2 /* MACrossfadeLayer.m in Sources */ = {isa = PBXBuildFile; fileRef = CE8401F3151DD86100BDC2D2 /* MACrossfadeLayer.m */; };
		CE840234151DD86100BDC2D2 /* MAImageCrossfadeLayer.m in Sources */ = {isa = PBXBuildFile; fileRef = CE8401F5151DD86100BDC2D2 /* MAImageCrossfadeLayer.m */; };
		CE840235151DD86100BDC2D2 /* MAImageCrossfadeLayer.m in Sources */ = {isa = PBXBuildFile; fileRef = CE8401F5151DD86100BDC2D2 /* MAImageCrossfadeLayer.m */; };
		CE840236151DD86100BDC2D2 /* MAImageLayer.m in Sources */ = {isa = PBXBuildFile; fileRef = CE8401F7151DD86100BDC2D2 /* MAImageLayer.m */; };
		CE840237151DD86100BDC2D2 /* MAImageLayer.m in Sources */ = {isa = PBXBuildFile; fileRef = CE8401F7151DD86100BDC2D2 /* MAImageLayer.m */; };
		CE840238151DD86100BDC2D2 /* MNSMutableObjectKeyDictionary.m in Sources */ = {isa = PBXBuildFile; fileRef = CE8401FC151DD86100BDC2D2 /* MNSMutableObjectKeyDictionary.m */; };
		CE840239151DD86100BDC2D2 /* MNSMutableObjectKeyDictionary.m in Sources */ = {isa = PBXBuildFile; fileRef = CE8401FC151DD86100BDC2D2 /* MNSMutableObjectKeyDictionary.m */; };
		CE84023A151DD86100BDC2D2 /* NSArray+Marshmallows.m in Sources */ = {isa = PBXBuildFile; fileRef = CE8401FE151DD86100BDC2D2 /* NSArray+Marshmallows.m */; };
		CE84023B151DD86100BDC2D2 /* NSArray+Marshmallows.m in Sources */ = {isa = PBXBuildFile; fileRef = CE8401FE151DD86100BDC2D2 /* NSArray+Marshmallows.m */; };
		CE84023C151DD86100BDC2D2 /* NSError+Marshmallows.m in Sources */ = {isa = PBXBuildFile; fileRef = CE840200151DD86100BDC2D2 /* NSError+Marshmallows.m */; };
		CE84023D151DD86100BDC2D2 /* NSError+Marshmallows.m in Sources */ = {isa = PBXBuildFile; fileRef = CE840200151DD86100BDC2D2 /* NSError+Marshmallows.m */; };
		CE84023E151DD86100BDC2D2 /* NSTimer+MMBlocks.m in Sources */ = {isa = PBXBuildFile; fileRef = CE840202151DD86100BDC2D2 /* NSTimer+MMBlocks.m */; };
		CE84023F151DD86100BDC2D2 /* NSTimer+MMBlocks.m in Sources */ = {isa = PBXBuildFile; fileRef = CE840202151DD86100BDC2D2 /* NSTimer+MMBlocks.m */; };
		CE840240151DD86100BDC2D2 /* MCMainThreadProxy.m in Sources */ = {isa = PBXBuildFile; fileRef = CE840206151DD86100BDC2D2 /* MCMainThreadProxy.m */; };
		CE840241151DD86100BDC2D2 /* MCMainThreadProxy.m in Sources */ = {isa = PBXBuildFile; fileRef = CE840206151DD86100BDC2D2 /* MCMainThreadProxy.m */; };
		CE840242151DD86100BDC2D2 /* MCSimpleThreadProxy.m in Sources */ = {isa = PBXBuildFile; fileRef = CE840208151DD86100BDC2D2 /* MCSimpleThreadProxy.m */; };
		CE840243151DD86100BDC2D2 /* MCSimpleThreadProxy.m in Sources */ = {isa = PBXBuildFile; fileRef = CE840208151DD86100BDC2D2 /* MCSimpleThreadProxy.m */; };
		CE840244151DD86100BDC2D2 /* MCThreadProxyAbstract.m in Sources */ = {isa = PBXBuildFile; fileRef = CE84020A151DD86100BDC2D2 /* MCThreadProxyAbstract.m */; };
		CE840245151DD86100BDC2D2 /* MCThreadProxyAbstract.m in Sources */ = {isa = PBXBuildFile; fileRef = CE84020A151DD86100BDC2D2 /* MCThreadProxyAbstract.m */; };
		CE840246151DD86100BDC2D2 /* MDBulkLogger.m in Sources */ = {isa = PBXBuildFile; fileRef = CE84020F151DD86100BDC2D2 /* MDBulkLogger.m */; };
		CE840247151DD86100BDC2D2 /* MDBulkLogger.m in Sources */ = {isa = PBXBuildFile; fileRef = CE84020F151DD86100BDC2D2 /* MDBulkLogger.m */; };
		CE840248151DD86100BDC2D2 /* MDTimeProfiler.mm in Sources */ = {isa = PBXBuildFile; fileRef = CE840211151DD86100BDC2D2 /* MDTimeProfiler.mm */; };
		CE840249151DD86100BDC2D2 /* MDTimeProfiler.mm in Sources */ = {isa = PBXBuildFile; fileRef = CE840211151DD86100BDC2D2 /* MDTimeProfiler.mm */; };
		CE84024A151DD86100BDC2D2 /* MDTimeProfilerOC.mm in Sources */ = {isa = PBXBuildFile; fileRef = CE840213151DD86100BDC2D2 /* MDTimeProfilerOC.mm */; };
		CE84024B151DD86100BDC2D2 /* MDTimeProfilerOC.mm in Sources */ = {isa = PBXBuildFile; fileRef = CE840213151DD86100BDC2D2 /* MDTimeProfilerOC.mm */; };
		CE84024C151DD86100BDC2D2 /* MarshmallowMathFunctions.c in Sources */ = {isa = PBXBuildFile; fileRef = CE840216151DD86100BDC2D2 /* MarshmallowMathFunctions.c */; };
		CE84024D151DD86100BDC2D2 /* MarshmallowMathFunctions.c in Sources */ = {isa = PBXBuildFile; fileRef = CE840216151DD86100BDC2D2 /* MarshmallowMathFunctions.c */; };
		CE84024E151DD86100BDC2D2 /* MPStopwatch.m in Sources */ = {isa = PBXBuildFile; fileRef = CE84021B151DD86100BDC2D2 /* MPStopwatch.m */; };
		CE84024F151DD86100BDC2D2 /* MPStopwatch.m in Sources */ = {isa = PBXBuildFile; fileRef = CE84021B151DD86100BDC2D2 /* MPStopwatch.m */; };
		CE840250151DD86100BDC2D2 /* MUICrossfadeView.m in Sources */ = {isa = PBXBuildFile; fileRef = CE840220151DD86100BDC2D2 /* MUICrossfadeView.m */; };
		CE840251151DD86100BDC2D2 /* MUICrossfadeView.m in Sources */ = {isa = PBXBuildFile; fileRef = CE840220151DD86100BDC2D2 /* MUICrossfadeView.m */; };
		CE840252151DD86100BDC2D2 /* UIColor+Marshmallows.m in Sources */ = {isa = PBXBuildFile; fileRef = CE840222151DD86100BDC2D2 /* UIColor+Marshmallows.m */; };
		CE840253151DD86100BDC2D2 /* UIColor+Marshmallows.m in Sources */ = {isa = PBXBuildFile; fileRef = CE840222151DD86100BDC2D2 /* UIColor+Marshmallows.m */; };
		CE840254151DD86100BDC2D2 /* UIImage+MMPixelData.m in Sources */ = {isa = PBXBuildFile; fileRef = CE840224151DD86100BDC2D2 /* UIImage+MMPixelData.m */; };
		CE840255151DD86100BDC2D2 /* UIImage+MMPixelData.m in Sources */ = {isa = PBXBuildFile; fileRef = CE840224151DD86100BDC2D2 /* UIImage+MMPixelData.m */; };
		CE840256151DD86100BDC2D2 /* CEObjectiveCRuntime.m in Sources */ = {isa = PBXBuildFile; fileRef = CE840227151DD86100BDC2D2 /* CEObjectiveCRuntime.m */; };
		CE840257151DD86100BDC2D2 /* CEObjectiveCRuntime.m in Sources */ = {isa = PBXBuildFile; fileRef = CE840227151DD86100BDC2D2 /* CEObjectiveCRuntime.m */; };
		CE84025A151DDDE900BDC2D2 /* MPStopwatchTests.m in Sources */ = {isa = PBXBuildFile; fileRef = CE840259151DDDE900BDC2D2 /* MPStopwatchTests.m */; };
/* End PBXBuildFile section */

/* Begin PBXContainerItemProxy section */
		CE28688414BA0D78001E11D7 /* PBXContainerItemProxy */ = {
			isa = PBXContainerItemProxy;
			containerPortal = CE28678214B36EC5001E11D7 /* Project object */;
			proxyType = 1;
			remoteGlobalIDString = CE28678A14B36EC5001E11D7;
			remoteInfo = Marshmallows;
		};
/* End PBXContainerItemProxy section */

/* Begin PBXCopyFilesBuildPhase section */
		A664EFB315CEEB8900182FFD /* CopyFiles */ = {
			isa = PBXCopyFilesBuildPhase;
			buildActionMask = 2147483647;
			dstPath = "include/${PRODUCT_NAME}";
			dstSubfolderSpec = 16;
			files = (
				A664EFBB15CEEB8900182FFD /* MarshmallowsStaticLib.h in CopyFiles */,
			);
			runOnlyForDeploymentPostprocessing = 0;
		};
/* End PBXCopyFilesBuildPhase section */

/* Begin PBXFileReference section */
		A61CB97815CEE0D00054DBCE /* main.m */ = {isa = PBXFileReference; fileEncoding = 4; lastKnownFileType = sourcecode.c.objc; path = main.m; sourceTree = "<group>"; };
		A61CB97A15CEE3850054DBCE /* MUIMultiToggleButton.h */ = {isa = PBXFileReference; fileEncoding = 4; lastKnownFileType = sourcecode.c.h; path = MUIMultiToggleButton.h; sourceTree = "<group>"; };
		A61CB97B15CEE3850054DBCE /* MUIMultiToggleButton.m */ = {isa = PBXFileReference; fileEncoding = 4; lastKnownFileType = sourcecode.c.objc; path = MUIMultiToggleButton.m; sourceTree = "<group>"; };
		A61CB97C15CEE3850054DBCE /* MUIPushButton.h */ = {isa = PBXFileReference; fileEncoding = 4; lastKnownFileType = sourcecode.c.h; path = MUIPushButton.h; sourceTree = "<group>"; };
		A61CB97D15CEE3850054DBCE /* MUIPushButton.m */ = {isa = PBXFileReference; fileEncoding = 4; lastKnownFileType = sourcecode.c.objc; path = MUIPushButton.m; sourceTree = "<group>"; };
		A664EFB515CEEB8900182FFD /* libMarshmallowsStaticLib.a */ = {isa = PBXFileReference; explicitFileType = archive.ar; includeInIndex = 0; path = libMarshmallowsStaticLib.a; sourceTree = BUILT_PRODUCTS_DIR; };
		A664EFB915CEEB8900182FFD /* MarshmallowsStaticLib-Prefix.pch */ = {isa = PBXFileReference; lastKnownFileType = sourcecode.c.h; path = "MarshmallowsStaticLib-Prefix.pch"; sourceTree = "<group>"; };
		A664EFBA15CEEB8900182FFD /* MarshmallowsStaticLib.h */ = {isa = PBXFileReference; lastKnownFileType = sourcecode.c.h; path = MarshmallowsStaticLib.h; sourceTree = "<group>"; };
		A664EFBC15CEEB8900182FFD /* MarshmallowsStaticLib.m */ = {isa = PBXFileReference; lastKnownFileType = sourcecode.c.objc; path = MarshmallowsStaticLib.m; sourceTree = "<group>"; };
		A664EFE415CEECB800182FFD /* MMAppDelegate.h */ = {isa = PBXFileReference; fileEncoding = 4; lastKnownFileType = sourcecode.c.h; path = MMAppDelegate.h; sourceTree = "<group>"; };
		A664EFE515CEECB800182FFD /* MMAppDelegate.m */ = {isa = PBXFileReference; fileEncoding = 4; lastKnownFileType = sourcecode.c.objc; path = MMAppDelegate.m; sourceTree = "<group>"; };
		A6BE0C6415D017D000E0F43D /* UIView+Marshmallows.h */ = {isa = PBXFileReference; fileEncoding = 4; lastKnownFileType = sourcecode.c.h; path = "UIView+Marshmallows.h"; sourceTree = "<group>"; };
		A6BE0C6515D017D000E0F43D /* UIView+Marshmallows.m */ = {isa = PBXFileReference; fileEncoding = 4; lastKnownFileType = sourcecode.c.objc; path = "UIView+Marshmallows.m"; sourceTree = "<group>"; };
		CE28678B14B36EC5001E11D7 /* Marshmallows.app */ = {isa = PBXFileReference; explicitFileType = wrapper.application; includeInIndex = 0; path = Marshmallows.app; sourceTree = BUILT_PRODUCTS_DIR; };
		CE28678F14B36EC5001E11D7 /* UIKit.framework */ = {isa = PBXFileReference; lastKnownFileType = wrapper.framework; name = UIKit.framework; path = System/Library/Frameworks/UIKit.framework; sourceTree = SDKROOT; };
		CE28679114B36EC5001E11D7 /* Foundation.framework */ = {isa = PBXFileReference; lastKnownFileType = wrapper.framework; name = Foundation.framework; path = System/Library/Frameworks/Foundation.framework; sourceTree = SDKROOT; };
		CE28679314B36EC5001E11D7 /* CoreGraphics.framework */ = {isa = PBXFileReference; lastKnownFileType = wrapper.framework; name = CoreGraphics.framework; path = System/Library/Frameworks/CoreGraphics.framework; sourceTree = SDKROOT; };
		CE2867A614B36EC5001E11D7 /* MarshmallowsTests.octest */ = {isa = PBXFileReference; explicitFileType = wrapper.cfbundle; includeInIndex = 0; path = MarshmallowsTests.octest; sourceTree = BUILT_PRODUCTS_DIR; };
		CE2867A714B36EC5001E11D7 /* SenTestingKit.framework */ = {isa = PBXFileReference; lastKnownFileType = wrapper.framework; name = SenTestingKit.framework; path = Library/Frameworks/SenTestingKit.framework; sourceTree = DEVELOPER_DIR; };
		CE2867C214B37156001E11D7 /* GLKit.framework */ = {isa = PBXFileReference; lastKnownFileType = wrapper.framework; name = GLKit.framework; path = System/Library/Frameworks/GLKit.framework; sourceTree = SDKROOT; };
		CE2867C314B37156001E11D7 /* OpenGLES.framework */ = {isa = PBXFileReference; lastKnownFileType = wrapper.framework; name = OpenGLES.framework; path = System/Library/Frameworks/OpenGLES.framework; sourceTree = SDKROOT; };
		CE28687A14BA0D6C001E11D7 /* en */ = {isa = PBXFileReference; lastKnownFileType = text.plist.strings; name = en; path = en.lproj/InfoPlist.strings; sourceTree = "<group>"; };
		CE28687C14BA0D6C001E11D7 /* Marshmallows-Info.plist */ = {isa = PBXFileReference; fileEncoding = 4; lastKnownFileType = text.plist.xml; path = "Marshmallows-Info.plist"; sourceTree = "<group>"; };
		CE28687D14BA0D6C001E11D7 /* Marshmallows-Prefix.pch */ = {isa = PBXFileReference; fileEncoding = 4; lastKnownFileType = sourcecode.c.h; path = "Marshmallows-Prefix.pch"; sourceTree = "<group>"; };
		CE28689C14BA1063001E11D7 /* en */ = {isa = PBXFileReference; lastKnownFileType = text.plist.strings; name = en; path = en.lproj/InfoPlist.strings; sourceTree = "<group>"; };
		CE28689E14BA1063001E11D7 /* MarshmallowsTests-Info.plist */ = {isa = PBXFileReference; fileEncoding = 4; lastKnownFileType = text.plist.xml; path = "MarshmallowsTests-Info.plist"; sourceTree = "<group>"; };
		CE28689F14BA1063001E11D7 /* MarshmallowsTests.h */ = {isa = PBXFileReference; fileEncoding = 4; lastKnownFileType = sourcecode.c.h; path = MarshmallowsTests.h; sourceTree = "<group>"; };
		CE2868A314BA1063001E11D7 /* GradientChrome.png */ = {isa = PBXFileReference; lastKnownFileType = image.png; path = GradientChrome.png; sourceTree = "<group>"; };
		CE2868A414BA1063001E11D7 /* UIImageMMPixelDataTests.h */ = {isa = PBXFileReference; fileEncoding = 4; lastKnownFileType = sourcecode.c.h; path = UIImageMMPixelDataTests.h; sourceTree = "<group>"; };
		CE2868A514BA1063001E11D7 /* UIImageMMPixelDataTests.m */ = {isa = PBXFileReference; fileEncoding = 4; lastKnownFileType = sourcecode.c.objc; path = UIImageMMPixelDataTests.m; sourceTree = "<group>"; };
		CE42C29C14BDC20D0049319C /* QuartzCore.framework */ = {isa = PBXFileReference; lastKnownFileType = wrapper.framework; name = QuartzCore.framework; path = System/Library/Frameworks/QuartzCore.framework; sourceTree = SDKROOT; };
		CE42C2B214BDDF000049319C /* MMAnimatorTests.h */ = {isa = PBXFileReference; fileEncoding = 4; lastKnownFileType = sourcecode.c.h; path = MMAnimatorTests.h; sourceTree = "<group>"; };
		CE42C2B314BDDF000049319C /* MMAnimatorTests.m */ = {isa = PBXFileReference; fileEncoding = 4; lastKnownFileType = sourcecode.c.objc; path = MMAnimatorTests.m; sourceTree = "<group>"; };
		CE8401E5151DD86100BDC2D2 /* MMAnimator.h */ = {isa = PBXFileReference; fileEncoding = 4; lastKnownFileType = sourcecode.c.h; path = MMAnimator.h; sourceTree = "<group>"; };
		CE8401E6151DD86100BDC2D2 /* MMAnimator.m */ = {isa = PBXFileReference; fileEncoding = 4; lastKnownFileType = sourcecode.c.objc; path = MMAnimator.m; sourceTree = "<group>"; };
		CE8401E7151DD86100BDC2D2 /* MMAnimatorTimingBlock.h */ = {isa = PBXFileReference; fileEncoding = 4; lastKnownFileType = sourcecode.c.h; path = MMAnimatorTimingBlock.h; sourceTree = "<group>"; };
		CE8401E8151DD86100BDC2D2 /* MMAnimatorTimingBlock.m */ = {isa = PBXFileReference; fileEncoding = 4; lastKnownFileType = sourcecode.c.objc; path = MMAnimatorTimingBlock.m; sourceTree = "<group>"; };
		CE8401E9151DD86100BDC2D2 /* MMSimpleAnimator.h */ = {isa = PBXFileReference; fileEncoding = 4; lastKnownFileType = sourcecode.c.h; path = MMSimpleAnimator.h; sourceTree = "<group>"; };
		CE8401EA151DD86100BDC2D2 /* MMSimpleAnimator.m */ = {isa = PBXFileReference; fileEncoding = 4; lastKnownFileType = sourcecode.c.objc; path = MMSimpleAnimator.m; sourceTree = "<group>"; };
		CE8401EB151DD86100BDC2D2 /* MMSimplePinnedAnimator.h */ = {isa = PBXFileReference; fileEncoding = 4; lastKnownFileType = sourcecode.c.h; path = MMSimplePinnedAnimator.h; sourceTree = "<group>"; };
		CE8401EC151DD86100BDC2D2 /* MMSimplePinnedAnimator.m */ = {isa = PBXFileReference; fileEncoding = 4; lastKnownFileType = sourcecode.c.objc; path = MMSimplePinnedAnimator.m; sourceTree = "<group>"; };
		CE8401ED151DD86100BDC2D2 /* DebugLogging.h */ = {isa = PBXFileReference; fileEncoding = 4; lastKnownFileType = sourcecode.c.h; path = DebugLogging.h; sourceTree = "<group>"; };
		CE8401EF151DD86100BDC2D2 /* MMGLK.h */ = {isa = PBXFileReference; fileEncoding = 4; lastKnownFileType = sourcecode.c.h; path = MMGLK.h; sourceTree = "<group>"; };
		CE8401F0151DD86100BDC2D2 /* MMGLK.m */ = {isa = PBXFileReference; fileEncoding = 4; lastKnownFileType = sourcecode.c.objc; path = MMGLK.m; sourceTree = "<group>"; };
		CE8401F2151DD86100BDC2D2 /* MACrossfadeLayer.h */ = {isa = PBXFileReference; fileEncoding = 4; lastKnownFileType = sourcecode.c.h; path = MACrossfadeLayer.h; sourceTree = "<group>"; };
		CE8401F3151DD86100BDC2D2 /* MACrossfadeLayer.m */ = {isa = PBXFileReference; fileEncoding = 4; lastKnownFileType = sourcecode.c.objc; path = MACrossfadeLayer.m; sourceTree = "<group>"; };
		CE8401F4151DD86100BDC2D2 /* MAImageCrossfadeLayer.h */ = {isa = PBXFileReference; fileEncoding = 4; lastKnownFileType = sourcecode.c.h; path = MAImageCrossfadeLayer.h; sourceTree = "<group>"; };
		CE8401F5151DD86100BDC2D2 /* MAImageCrossfadeLayer.m */ = {isa = PBXFileReference; fileEncoding = 4; lastKnownFileType = sourcecode.c.objc; path = MAImageCrossfadeLayer.m; sourceTree = "<group>"; };
		CE8401F6151DD86100BDC2D2 /* MAImageLayer.h */ = {isa = PBXFileReference; fileEncoding = 4; lastKnownFileType = sourcecode.c.h; path = MAImageLayer.h; sourceTree = "<group>"; };
		CE8401F7151DD86100BDC2D2 /* MAImageLayer.m */ = {isa = PBXFileReference; fileEncoding = 4; lastKnownFileType = sourcecode.c.objc; path = MAImageLayer.m; sourceTree = "<group>"; };
		CE8401F8151DD86100BDC2D2 /* MarshmallowAnimation.h */ = {isa = PBXFileReference; fileEncoding = 4; lastKnownFileType = sourcecode.c.h; path = MarshmallowAnimation.h; sourceTree = "<group>"; };
		CE8401FA151DD86100BDC2D2 /* MarshmallowCocoa.h */ = {isa = PBXFileReference; fileEncoding = 4; lastKnownFileType = sourcecode.c.h; path = MarshmallowCocoa.h; sourceTree = "<group>"; };
		CE8401FB151DD86100BDC2D2 /* MNSMutableObjectKeyDictionary.h */ = {isa = PBXFileReference; fileEncoding = 4; lastKnownFileType = sourcecode.c.h; path = MNSMutableObjectKeyDictionary.h; sourceTree = "<group>"; };
		CE8401FC151DD86100BDC2D2 /* MNSMutableObjectKeyDictionary.m */ = {isa = PBXFileReference; fileEncoding = 4; lastKnownFileType = sourcecode.c.objc; path = MNSMutableObjectKeyDictionary.m; sourceTree = "<group>"; };
		CE8401FD151DD86100BDC2D2 /* NSArray+Marshmallows.h */ = {isa = PBXFileReference; fileEncoding = 4; lastKnownFileType = sourcecode.c.h; path = "NSArray+Marshmallows.h"; sourceTree = "<group>"; };
		CE8401FE151DD86100BDC2D2 /* NSArray+Marshmallows.m */ = {isa = PBXFileReference; fileEncoding = 4; lastKnownFileType = sourcecode.c.objc; path = "NSArray+Marshmallows.m"; sourceTree = "<group>"; };
		CE8401FF151DD86100BDC2D2 /* NSError+Marshmallows.h */ = {isa = PBXFileReference; fileEncoding = 4; lastKnownFileType = sourcecode.c.h; path = "NSError+Marshmallows.h"; sourceTree = "<group>"; };
		CE840200151DD86100BDC2D2 /* NSError+Marshmallows.m */ = {isa = PBXFileReference; fileEncoding = 4; lastKnownFileType = sourcecode.c.objc; path = "NSError+Marshmallows.m"; sourceTree = "<group>"; };
		CE840201151DD86100BDC2D2 /* NSTimer+MMBlocks.h */ = {isa = PBXFileReference; fileEncoding = 4; lastKnownFileType = sourcecode.c.h; path = "NSTimer+MMBlocks.h"; sourceTree = "<group>"; };
		CE840202151DD86100BDC2D2 /* NSTimer+MMBlocks.m */ = {isa = PBXFileReference; fileEncoding = 4; lastKnownFileType = sourcecode.c.objc; path = "NSTimer+MMBlocks.m"; sourceTree = "<group>"; };
		CE840204151DD86100BDC2D2 /* MarshmallowConcurrency.h */ = {isa = PBXFileReference; fileEncoding = 4; lastKnownFileType = sourcecode.c.h; path = MarshmallowConcurrency.h; sourceTree = "<group>"; };
		CE840205151DD86100BDC2D2 /* MCMainThreadProxy.h */ = {isa = PBXFileReference; fileEncoding = 4; lastKnownFileType = sourcecode.c.h; path = MCMainThreadProxy.h; sourceTree = "<group>"; };
		CE840206151DD86100BDC2D2 /* MCMainThreadProxy.m */ = {isa = PBXFileReference; fileEncoding = 4; lastKnownFileType = sourcecode.c.objc; path = MCMainThreadProxy.m; sourceTree = "<group>"; };
		CE840207151DD86100BDC2D2 /* MCSimpleThreadProxy.h */ = {isa = PBXFileReference; fileEncoding = 4; lastKnownFileType = sourcecode.c.h; path = MCSimpleThreadProxy.h; sourceTree = "<group>"; };
		CE840208151DD86100BDC2D2 /* MCSimpleThreadProxy.m */ = {isa = PBXFileReference; fileEncoding = 4; lastKnownFileType = sourcecode.c.objc; path = MCSimpleThreadProxy.m; sourceTree = "<group>"; };
		CE840209151DD86100BDC2D2 /* MCThreadProxyAbstract.h */ = {isa = PBXFileReference; fileEncoding = 4; lastKnownFileType = sourcecode.c.h; path = MCThreadProxyAbstract.h; sourceTree = "<group>"; };
		CE84020A151DD86100BDC2D2 /* MCThreadProxyAbstract.m */ = {isa = PBXFileReference; fileEncoding = 4; lastKnownFileType = sourcecode.c.objc; path = MCThreadProxyAbstract.m; sourceTree = "<group>"; };
		CE84020B151DD86100BDC2D2 /* MCThreadProxyProtocol.h */ = {isa = PBXFileReference; fileEncoding = 4; lastKnownFileType = sourcecode.c.h; path = MCThreadProxyProtocol.h; sourceTree = "<group>"; };
		CE84020D151DD86100BDC2D2 /* MarshmallowDiagnostics.h */ = {isa = PBXFileReference; fileEncoding = 4; lastKnownFileType = sourcecode.c.h; path = MarshmallowDiagnostics.h; sourceTree = "<group>"; };
		CE84020E151DD86100BDC2D2 /* MDBulkLogger.h */ = {isa = PBXFileReference; fileEncoding = 4; lastKnownFileType = sourcecode.c.h; path = MDBulkLogger.h; sourceTree = "<group>"; };
		CE84020F151DD86100BDC2D2 /* MDBulkLogger.m */ = {isa = PBXFileReference; fileEncoding = 4; lastKnownFileType = sourcecode.c.objc; path = MDBulkLogger.m; sourceTree = "<group>"; };
		CE840210151DD86100BDC2D2 /* MDTimeProfiler.h */ = {isa = PBXFileReference; fileEncoding = 4; lastKnownFileType = sourcecode.c.h; path = MDTimeProfiler.h; sourceTree = "<group>"; };
		CE840211151DD86100BDC2D2 /* MDTimeProfiler.mm */ = {isa = PBXFileReference; fileEncoding = 4; lastKnownFileType = sourcecode.cpp.objcpp; path = MDTimeProfiler.mm; sourceTree = "<group>"; };
		CE840212151DD86100BDC2D2 /* MDTimeProfilerOC.h */ = {isa = PBXFileReference; fileEncoding = 4; lastKnownFileType = sourcecode.c.h; path = MDTimeProfilerOC.h; sourceTree = "<group>"; };
		CE840213151DD86100BDC2D2 /* MDTimeProfilerOC.mm */ = {isa = PBXFileReference; fileEncoding = 4; lastKnownFileType = sourcecode.cpp.objcpp; path = MDTimeProfilerOC.mm; sourceTree = "<group>"; };
		CE840215151DD86100BDC2D2 /* MarshmallowMath.h */ = {isa = PBXFileReference; fileEncoding = 4; lastKnownFileType = sourcecode.c.h; path = MarshmallowMath.h; sourceTree = "<group>"; };
		CE840216151DD86100BDC2D2 /* MarshmallowMathFunctions.c */ = {isa = PBXFileReference; fileEncoding = 4; lastKnownFileType = sourcecode.c.c; path = MarshmallowMathFunctions.c; sourceTree = "<group>"; };
		CE840217151DD86100BDC2D2 /* MarshmallowMathFunctions.h */ = {isa = PBXFileReference; fileEncoding = 4; lastKnownFileType = sourcecode.c.h; path = MarshmallowMathFunctions.h; sourceTree = "<group>"; };
		CE840219151DD86100BDC2D2 /* MarshmallowProfiling.h */ = {isa = PBXFileReference; fileEncoding = 4; lastKnownFileType = sourcecode.c.h; path = MarshmallowProfiling.h; sourceTree = "<group>"; };
		CE84021A151DD86100BDC2D2 /* MPStopwatch.h */ = {isa = PBXFileReference; fileEncoding = 4; lastKnownFileType = sourcecode.c.h; path = MPStopwatch.h; sourceTree = "<group>"; };
		CE84021B151DD86100BDC2D2 /* MPStopwatch.m */ = {isa = PBXFileReference; fileEncoding = 4; lastKnownFileType = sourcecode.c.objc; path = MPStopwatch.m; sourceTree = "<group>"; };
		CE84021C151DD86100BDC2D2 /* Marshmallows.h */ = {isa = PBXFileReference; fileEncoding = 4; lastKnownFileType = sourcecode.c.h; path = Marshmallows.h; sourceTree = "<group>"; };
		CE84021E151DD86100BDC2D2 /* MarshmallowUIKit.h */ = {isa = PBXFileReference; fileEncoding = 4; lastKnownFileType = sourcecode.c.h; path = MarshmallowUIKit.h; sourceTree = "<group>"; };
		CE84021F151DD86100BDC2D2 /* MUICrossfadeView.h */ = {isa = PBXFileReference; fileEncoding = 4; lastKnownFileType = sourcecode.c.h; path = MUICrossfadeView.h; sourceTree = "<group>"; };
		CE840220151DD86100BDC2D2 /* MUICrossfadeView.m */ = {isa = PBXFileReference; fileEncoding = 4; lastKnownFileType = sourcecode.c.objc; path = MUICrossfadeView.m; sourceTree = "<group>"; };
		CE840221151DD86100BDC2D2 /* UIColor+Marshmallows.h */ = {isa = PBXFileReference; fileEncoding = 4; lastKnownFileType = sourcecode.c.h; path = "UIColor+Marshmallows.h"; sourceTree = "<group>"; };
		CE840222151DD86100BDC2D2 /* UIColor+Marshmallows.m */ = {isa = PBXFileReference; fileEncoding = 4; lastKnownFileType = sourcecode.c.objc; path = "UIColor+Marshmallows.m"; sourceTree = "<group>"; };
		CE840223151DD86100BDC2D2 /* UIImage+MMPixelData.h */ = {isa = PBXFileReference; fileEncoding = 4; lastKnownFileType = sourcecode.c.h; path = "UIImage+MMPixelData.h"; sourceTree = "<group>"; };
		CE840224151DD86100BDC2D2 /* UIImage+MMPixelData.m */ = {isa = PBXFileReference; fileEncoding = 4; lastKnownFileType = sourcecode.c.objc; path = "UIImage+MMPixelData.m"; sourceTree = "<group>"; };
		CE840226151DD86100BDC2D2 /* CEObjectiveCRuntime.h */ = {isa = PBXFileReference; fileEncoding = 4; lastKnownFileType = sourcecode.c.h; path = CEObjectiveCRuntime.h; sourceTree = "<group>"; };
		CE840227151DD86100BDC2D2 /* CEObjectiveCRuntime.m */ = {isa = PBXFileReference; fileEncoding = 4; lastKnownFileType = sourcecode.c.objc; path = CEObjectiveCRuntime.m; sourceTree = "<group>"; };
		CE840258151DDDE900BDC2D2 /* MPStopwatchTests.h */ = {isa = PBXFileReference; fileEncoding = 4; lastKnownFileType = sourcecode.c.h; path = MPStopwatchTests.h; sourceTree = "<group>"; };
		CE840259151DDDE900BDC2D2 /* MPStopwatchTests.m */ = {isa = PBXFileReference; fileEncoding = 4; lastKnownFileType = sourcecode.c.objc; path = MPStopwatchTests.m; sourceTree = "<group>"; };
/* End PBXFileReference section */

/* Begin PBXFrameworksBuildPhase section */
		A664EFB215CEEB8900182FFD /* Frameworks */ = {
			isa = PBXFrameworksBuildPhase;
			buildActionMask = 2147483647;
			files = (
				A664EFC215CEEB9D00182FFD /* GLKit.framework in Frameworks */,
				A664EFC315CEEB9D00182FFD /* OpenGLES.framework in Frameworks */,
				A664EFC115CEEB9800182FFD /* QuartzCore.framework in Frameworks */,
				A664EFB615CEEB8900182FFD /* Foundation.framework in Frameworks */,
			);
			runOnlyForDeploymentPostprocessing = 0;
		};
		CE28678814B36EC5001E11D7 /* Frameworks */ = {
			isa = PBXFrameworksBuildPhase;
			buildActionMask = 2147483647;
			files = (
				CE42C29D14BDC20D0049319C /* QuartzCore.framework in Frameworks */,
				CE28679214B36EC5001E11D7 /* Foundation.framework in Frameworks */,
				CE2867ED14B378AD001E11D7 /* GLKit.framework in Frameworks */,
				CE2867EE14B378AD001E11D7 /* OpenGLES.framework in Frameworks */,
				CE28679014B36EC5001E11D7 /* UIKit.framework in Frameworks */,
				CE28679414B36EC5001E11D7 /* CoreGraphics.framework in Frameworks */,
			);
			runOnlyForDeploymentPostprocessing = 0;
		};
		CE2867A214B36EC5001E11D7 /* Frameworks */ = {
			isa = PBXFrameworksBuildPhase;
			buildActionMask = 2147483647;
			files = (
				CE42C2B514BDE2540049319C /* QuartzCore.framework in Frameworks */,
				CE28688614BA0FEF001E11D7 /* Foundation.framework in Frameworks */,
				CE2868AC14BA10D1001E11D7 /* OpenGLES.framework in Frameworks */,
				CE2868AE14BA10DF001E11D7 /* CoreGraphics.framework in Frameworks */,
				CE2867A814B36EC5001E11D7 /* SenTestingKit.framework in Frameworks */,
				CE2868AD14BA10D2001E11D7 /* GLKit.framework in Frameworks */,
				CE28688714BA0FFA001E11D7 /* UIKit.framework in Frameworks */,
			);
			runOnlyForDeploymentPostprocessing = 0;
		};
/* End PBXFrameworksBuildPhase section */

/* Begin PBXGroup section */
		A664EFB715CEEB8900182FFD /* MarshmallowsStaticLib */ = {
			isa = PBXGroup;
			children = (
				A664EFBA15CEEB8900182FFD /* MarshmallowsStaticLib.h */,
				A664EFBC15CEEB8900182FFD /* MarshmallowsStaticLib.m */,
				A664EFB815CEEB8900182FFD /* Supporting Files */,
			);
			path = MarshmallowsStaticLib;
			sourceTree = "<group>";
		};
		A664EFB815CEEB8900182FFD /* Supporting Files */ = {
			isa = PBXGroup;
			children = (
				A664EFB915CEEB8900182FFD /* MarshmallowsStaticLib-Prefix.pch */,
			);
			name = "Supporting Files";
			sourceTree = "<group>";
		};
		CE28678014B36EC5001E11D7 = {
			isa = PBXGroup;
			children = (
				CE28688814BA105B001E11D7 /* Source */,
				CE28689A14BA1063001E11D7 /* Tests */,
				CE28687814BA0D6C001E11D7 /* Project */,
				A664EFB715CEEB8900182FFD /* MarshmallowsStaticLib */,
				CE28678E14B36EC5001E11D7 /* Frameworks */,
				CE28678C14B36EC5001E11D7 /* Products */,
			);
			sourceTree = "<group>";
		};
		CE28678C14B36EC5001E11D7 /* Products */ = {
			isa = PBXGroup;
			children = (
				CE28678B14B36EC5001E11D7 /* Marshmallows.app */,
				CE2867A614B36EC5001E11D7 /* MarshmallowsTests.octest */,
				A664EFB515CEEB8900182FFD /* libMarshmallowsStaticLib.a */,
			);
			name = Products;
			sourceTree = "<group>";
		};
		CE28678E14B36EC5001E11D7 /* Frameworks */ = {
			isa = PBXGroup;
			children = (
				CE42C29C14BDC20D0049319C /* QuartzCore.framework */,
				CE2867C314B37156001E11D7 /* OpenGLES.framework */,
				CE2867C214B37156001E11D7 /* GLKit.framework */,
				CE28678F14B36EC5001E11D7 /* UIKit.framework */,
				CE28679114B36EC5001E11D7 /* Foundation.framework */,
				CE28679314B36EC5001E11D7 /* CoreGraphics.framework */,
				CE2867A714B36EC5001E11D7 /* SenTestingKit.framework */,
			);
			name = Frameworks;
			sourceTree = "<group>";
		};
		CE28687814BA0D6C001E11D7 /* Project */ = {
			isa = PBXGroup;
			children = (
				A664EFE415CEECB800182FFD /* MMAppDelegate.h */,
				A664EFE515CEECB800182FFD /* MMAppDelegate.m */,
				CE28687914BA0D6C001E11D7 /* InfoPlist.strings */,
				CE28687C14BA0D6C001E11D7 /* Marshmallows-Info.plist */,
				CE28687D14BA0D6C001E11D7 /* Marshmallows-Prefix.pch */,
				A61CB97815CEE0D00054DBCE /* main.m */,
			);
			path = Project;
			sourceTree = "<group>";
		};
		CE28688814BA105B001E11D7 /* Source */ = {
			isa = PBXGroup;
			children = (
				CE8401E4151DD86100BDC2D2 /* Animator */,
				CE8401ED151DD86100BDC2D2 /* DebugLogging.h */,
				CE8401EE151DD86100BDC2D2 /* GLKit */,
				CE8401F1151DD86100BDC2D2 /* MarshmallowAnimation */,
				CE8401F9151DD86100BDC2D2 /* MarshmallowCocoa */,
				CE840203151DD86100BDC2D2 /* MarshmallowConcurrency */,
				CE84020C151DD86100BDC2D2 /* MarshmallowDiagnostics */,
				CE840214151DD86100BDC2D2 /* MarshmallowMath */,
				CE840218151DD86100BDC2D2 /* MarshmallowProfiling */,
				CE84021C151DD86100BDC2D2 /* Marshmallows.h */,
				CE84021D151DD86100BDC2D2 /* MarshmallowUIKit */,
				CE840225151DD86100BDC2D2 /* ObjC */,
			);
			path = Source;
			sourceTree = "<group>";
		};
		CE28689A14BA1063001E11D7 /* Tests */ = {
			isa = PBXGroup;
			children = (
				CE28689B14BA1063001E11D7 /* InfoPlist.strings */,
				CE28689E14BA1063001E11D7 /* MarshmallowsTests-Info.plist */,
				CE28689F14BA1063001E11D7 /* MarshmallowsTests.h */,
				CE42C2B214BDDF000049319C /* MMAnimatorTests.h */,
				CE42C2B314BDDF000049319C /* MMAnimatorTests.m */,
				CE2868A214BA1063001E11D7 /* TestResources */,
				CE2868A414BA1063001E11D7 /* UIImageMMPixelDataTests.h */,
				CE2868A514BA1063001E11D7 /* UIImageMMPixelDataTests.m */,
				CE840258151DDDE900BDC2D2 /* MPStopwatchTests.h */,
				CE840259151DDDE900BDC2D2 /* MPStopwatchTests.m */,
			);
			path = Tests;
			sourceTree = "<group>";
		};
		CE2868A214BA1063001E11D7 /* TestResources */ = {
			isa = PBXGroup;
			children = (
				CE2868A314BA1063001E11D7 /* GradientChrome.png */,
			);
			path = TestResources;
			sourceTree = "<group>";
		};
		CE8401E4151DD86100BDC2D2 /* Animator */ = {
			isa = PBXGroup;
			children = (
				CE8401E5151DD86100BDC2D2 /* MMAnimator.h */,
				CE8401E6151DD86100BDC2D2 /* MMAnimator.m */,
				CE8401E7151DD86100BDC2D2 /* MMAnimatorTimingBlock.h */,
				CE8401E8151DD86100BDC2D2 /* MMAnimatorTimingBlock.m */,
				CE8401E9151DD86100BDC2D2 /* MMSimpleAnimator.h */,
				CE8401EA151DD86100BDC2D2 /* MMSimpleAnimator.m */,
				CE8401EB151DD86100BDC2D2 /* MMSimplePinnedAnimator.h */,
				CE8401EC151DD86100BDC2D2 /* MMSimplePinnedAnimator.m */,
			);
			path = Animator;
			sourceTree = "<group>";
		};
		CE8401EE151DD86100BDC2D2 /* GLKit */ = {
			isa = PBXGroup;
			children = (
				CE8401EF151DD86100BDC2D2 /* MMGLK.h */,
				CE8401F0151DD86100BDC2D2 /* MMGLK.m */,
			);
			path = GLKit;
			sourceTree = "<group>";
		};
		CE8401F1151DD86100BDC2D2 /* MarshmallowAnimation */ = {
			isa = PBXGroup;
			children = (
				CE8401F2151DD86100BDC2D2 /* MACrossfadeLayer.h */,
				CE8401F3151DD86100BDC2D2 /* MACrossfadeLayer.m */,
				CE8401F4151DD86100BDC2D2 /* MAImageCrossfadeLayer.h */,
				CE8401F5151DD86100BDC2D2 /* MAImageCrossfadeLayer.m */,
				CE8401F6151DD86100BDC2D2 /* MAImageLayer.h */,
				CE8401F7151DD86100BDC2D2 /* MAImageLayer.m */,
				CE8401F8151DD86100BDC2D2 /* MarshmallowAnimation.h */,
			);
			path = MarshmallowAnimation;
			sourceTree = "<group>";
		};
		CE8401F9151DD86100BDC2D2 /* MarshmallowCocoa */ = {
			isa = PBXGroup;
			children = (
				CE8401FA151DD86100BDC2D2 /* MarshmallowCocoa.h */,
				CE8401FB151DD86100BDC2D2 /* MNSMutableObjectKeyDictionary.h */,
				CE8401FC151DD86100BDC2D2 /* MNSMutableObjectKeyDictionary.m */,
				CE8401FD151DD86100BDC2D2 /* NSArray+Marshmallows.h */,
				CE8401FE151DD86100BDC2D2 /* NSArray+Marshmallows.m */,
				CE8401FF151DD86100BDC2D2 /* NSError+Marshmallows.h */,
				CE840200151DD86100BDC2D2 /* NSError+Marshmallows.m */,
				CE840201151DD86100BDC2D2 /* NSTimer+MMBlocks.h */,
				CE840202151DD86100BDC2D2 /* NSTimer+MMBlocks.m */,
			);
			path = MarshmallowCocoa;
			sourceTree = "<group>";
		};
		CE840203151DD86100BDC2D2 /* MarshmallowConcurrency */ = {
			isa = PBXGroup;
			children = (
				CE840204151DD86100BDC2D2 /* MarshmallowConcurrency.h */,
				CE840205151DD86100BDC2D2 /* MCMainThreadProxy.h */,
				CE840206151DD86100BDC2D2 /* MCMainThreadProxy.m */,
				CE840207151DD86100BDC2D2 /* MCSimpleThreadProxy.h */,
				CE840208151DD86100BDC2D2 /* MCSimpleThreadProxy.m */,
				CE840209151DD86100BDC2D2 /* MCThreadProxyAbstract.h */,
				CE84020A151DD86100BDC2D2 /* MCThreadProxyAbstract.m */,
				CE84020B151DD86100BDC2D2 /* MCThreadProxyProtocol.h */,
			);
			path = MarshmallowConcurrency;
			sourceTree = "<group>";
		};
		CE84020C151DD86100BDC2D2 /* MarshmallowDiagnostics */ = {
			isa = PBXGroup;
			children = (
				CE84020D151DD86100BDC2D2 /* MarshmallowDiagnostics.h */,
				CE84020E151DD86100BDC2D2 /* MDBulkLogger.h */,
				CE84020F151DD86100BDC2D2 /* MDBulkLogger.m */,
				CE840210151DD86100BDC2D2 /* MDTimeProfiler.h */,
				CE840211151DD86100BDC2D2 /* MDTimeProfiler.mm */,
				CE840212151DD86100BDC2D2 /* MDTimeProfilerOC.h */,
				CE840213151DD86100BDC2D2 /* MDTimeProfilerOC.mm */,
			);
			path = MarshmallowDiagnostics;
			sourceTree = "<group>";
		};
		CE840214151DD86100BDC2D2 /* MarshmallowMath */ = {
			isa = PBXGroup;
			children = (
				CE840215151DD86100BDC2D2 /* MarshmallowMath.h */,
				CE840216151DD86100BDC2D2 /* MarshmallowMathFunctions.c */,
				CE840217151DD86100BDC2D2 /* MarshmallowMathFunctions.h */,
			);
			path = MarshmallowMath;
			sourceTree = "<group>";
		};
		CE840218151DD86100BDC2D2 /* MarshmallowProfiling */ = {
			isa = PBXGroup;
			children = (
				CE840219151DD86100BDC2D2 /* MarshmallowProfiling.h */,
				CE84021A151DD86100BDC2D2 /* MPStopwatch.h */,
				CE84021B151DD86100BDC2D2 /* MPStopwatch.m */,
			);
			path = MarshmallowProfiling;
			sourceTree = "<group>";
		};
		CE84021D151DD86100BDC2D2 /* MarshmallowUIKit */ = {
			isa = PBXGroup;
			children = (
				A61CB97A15CEE3850054DBCE /* MUIMultiToggleButton.h */,
				A61CB97B15CEE3850054DBCE /* MUIMultiToggleButton.m */,
				A61CB97C15CEE3850054DBCE /* MUIPushButton.h */,
				A61CB97D15CEE3850054DBCE /* MUIPushButton.m */,
				CE84021E151DD86100BDC2D2 /* MarshmallowUIKit.h */,
				CE84021F151DD86100BDC2D2 /* MUICrossfadeView.h */,
				CE840220151DD86100BDC2D2 /* MUICrossfadeView.m */,
				CE840221151DD86100BDC2D2 /* UIColor+Marshmallows.h */,
				CE840222151DD86100BDC2D2 /* UIColor+Marshmallows.m */,
				A6BE0C6415D017D000E0F43D /* UIView+Marshmallows.h */,
				A6BE0C6515D017D000E0F43D /* UIView+Marshmallows.m */,
				CE840223151DD86100BDC2D2 /* UIImage+MMPixelData.h */,
				CE840224151DD86100BDC2D2 /* UIImage+MMPixelData.m */,
			);
			path = MarshmallowUIKit;
			sourceTree = "<group>";
		};
		CE840225151DD86100BDC2D2 /* ObjC */ = {
			isa = PBXGroup;
			children = (
				CE840226151DD86100BDC2D2 /* CEObjectiveCRuntime.h */,
				CE840227151DD86100BDC2D2 /* CEObjectiveCRuntime.m */,
			);
			path = ObjC;
			sourceTree = "<group>";
		};
/* End PBXGroup section */

/* Begin PBXNativeTarget section */
		A664EFB415CEEB8900182FFD /* MarshmallowsStaticLib */ = {
			isa = PBXNativeTarget;
			buildConfigurationList = A664EFBE15CEEB8900182FFD /* Build configuration list for PBXNativeTarget "MarshmallowsStaticLib" */;
			buildPhases = (
				A664EFB115CEEB8900182FFD /* Sources */,
				A664EFB215CEEB8900182FFD /* Frameworks */,
				A664EFB315CEEB8900182FFD /* CopyFiles */,
			);
			buildRules = (
			);
			dependencies = (
			);
			name = MarshmallowsStaticLib;
			productName = MarshmallowsStaticLib;
			productReference = A664EFB515CEEB8900182FFD /* libMarshmallowsStaticLib.a */;
			productType = "com.apple.product-type.library.static";
		};
		CE28678A14B36EC5001E11D7 /* Marshmallows */ = {
			isa = PBXNativeTarget;
			buildConfigurationList = CE2867B814B36EC5001E11D7 /* Build configuration list for PBXNativeTarget "Marshmallows" */;
			buildPhases = (
				CE28678714B36EC5001E11D7 /* Sources */,
				CE28678814B36EC5001E11D7 /* Frameworks */,
				CE28678914B36EC5001E11D7 /* Resources */,
			);
			buildRules = (
			);
			dependencies = (
			);
			name = Marshmallows;
			productName = Marshmallows;
			productReference = CE28678B14B36EC5001E11D7 /* Marshmallows.app */;
			productType = "com.apple.product-type.application";
		};
		CE2867A514B36EC5001E11D7 /* MarshmallowsTests */ = {
			isa = PBXNativeTarget;
			buildConfigurationList = CE2867BB14B36EC5001E11D7 /* Build configuration list for PBXNativeTarget "MarshmallowsTests" */;
			buildPhases = (
				CE2867A114B36EC5001E11D7 /* Sources */,
				CE2867A214B36EC5001E11D7 /* Frameworks */,
				CE2867A314B36EC5001E11D7 /* Resources */,
				CE2867A414B36EC5001E11D7 /* ShellScript */,
			);
			buildRules = (
			);
			dependencies = (
				CE28688514BA0D78001E11D7 /* PBXTargetDependency */,
			);
			name = MarshmallowsTests;
			productName = MarshmallowsTests;
			productReference = CE2867A614B36EC5001E11D7 /* MarshmallowsTests.octest */;
			productType = "com.apple.product-type.bundle";
		};
/* End PBXNativeTarget section */

/* Begin PBXProject section */
		CE28678214B36EC5001E11D7 /* Project object */ = {
			isa = PBXProject;
			attributes = {
				LastUpgradeCheck = 0420;
			};
			buildConfigurationList = CE28678514B36EC5001E11D7 /* Build configuration list for PBXProject "Marshmallows" */;
			compatibilityVersion = "Xcode 3.2";
			developmentRegion = English;
			hasScannedForEncodings = 0;
			knownRegions = (
				en,
			);
			mainGroup = CE28678014B36EC5001E11D7;
			productRefGroup = CE28678C14B36EC5001E11D7 /* Products */;
			projectDirPath = "";
			projectRoot = "";
			targets = (
				CE28678A14B36EC5001E11D7 /* Marshmallows */,
				CE2867A514B36EC5001E11D7 /* MarshmallowsTests */,
				A664EFB415CEEB8900182FFD /* MarshmallowsStaticLib */,
			);
		};
/* End PBXProject section */

/* Begin PBXResourcesBuildPhase section */
		CE28678914B36EC5001E11D7 /* Resources */ = {
			isa = PBXResourcesBuildPhase;
			buildActionMask = 2147483647;
			files = (
				CE28688014BA0D6C001E11D7 /* InfoPlist.strings in Resources */,
			);
			runOnlyForDeploymentPostprocessing = 0;
		};
		CE2867A314B36EC5001E11D7 /* Resources */ = {
			isa = PBXResourcesBuildPhase;
			buildActionMask = 2147483647;
			files = (
				CE2868A614BA1063001E11D7 /* InfoPlist.strings in Resources */,
				CE2868AA14BA1063001E11D7 /* GradientChrome.png in Resources */,
			);
			runOnlyForDeploymentPostprocessing = 0;
		};
/* End PBXResourcesBuildPhase section */

/* Begin PBXShellScriptBuildPhase section */
		CE2867A414B36EC5001E11D7 /* ShellScript */ = {
			isa = PBXShellScriptBuildPhase;
			buildActionMask = 2147483647;
			files = (
			);
			inputPaths = (
			);
			outputPaths = (
			);
			runOnlyForDeploymentPostprocessing = 0;
			shellPath = /bin/sh;
			shellScript = "# Run the unit tests in this test bundle.\n\"${SYSTEM_DEVELOPER_DIR}/Tools/RunUnitTests\"\n";
		};
/* End PBXShellScriptBuildPhase section */

/* Begin PBXSourcesBuildPhase section */
		A664EFB115CEEB8900182FFD /* Sources */ = {
			isa = PBXSourcesBuildPhase;
			buildActionMask = 2147483647;
			files = (
				A664EFDD15CEEBBB00182FFD /* MarshmallowMathFunctions.c in Sources */,
				A664EFDB15CEEBB400182FFD /* MDTimeProfiler.mm in Sources */,
				A664EFDC15CEEBB400182FFD /* MDTimeProfilerOC.mm in Sources */,
				A664EFC415CEEBA800182FFD /* MMAnimator.m in Sources */,
				A664EFC515CEEBA800182FFD /* MMAnimatorTimingBlock.m in Sources */,
				A664EFC615CEEBA800182FFD /* MMSimpleAnimator.m in Sources */,
				A664EFC715CEEBA800182FFD /* MMSimplePinnedAnimator.m in Sources */,
				A664EFC815CEEBA800182FFD /* MMGLK.m in Sources */,
				A664EFC915CEEBA800182FFD /* MACrossfadeLayer.m in Sources */,
				A664EFCA15CEEBA800182FFD /* MAImageCrossfadeLayer.m in Sources */,
				A664EFCB15CEEBA800182FFD /* MAImageLayer.m in Sources */,
				A664EFCC15CEEBA800182FFD /* MNSMutableObjectKeyDictionary.m in Sources */,
				A664EFCD15CEEBA800182FFD /* NSArray+Marshmallows.m in Sources */,
				A664EFCE15CEEBA800182FFD /* NSError+Marshmallows.m in Sources */,
				A664EFCF15CEEBA800182FFD /* NSTimer+MMBlocks.m in Sources */,
				A664EFD015CEEBA800182FFD /* MCMainThreadProxy.m in Sources */,
				A664EFD115CEEBA800182FFD /* MCSimpleThreadProxy.m in Sources */,
				A664EFD215CEEBA800182FFD /* MCThreadProxyAbstract.m in Sources */,
				A664EFD315CEEBA800182FFD /* MDBulkLogger.m in Sources */,
				A664EFD415CEEBA800182FFD /* MPStopwatch.m in Sources */,
				A664EFD515CEEBA800182FFD /* MUIMultiToggleButton.m in Sources */,
				A664EFD615CEEBA800182FFD /* MUIPushButton.m in Sources */,
				A664EFD715CEEBA800182FFD /* MUICrossfadeView.m in Sources */,
				A664EFD815CEEBA800182FFD /* UIColor+Marshmallows.m in Sources */,
				A664EFD915CEEBA800182FFD /* UIImage+MMPixelData.m in Sources */,
				A664EFDA15CEEBA800182FFD /* CEObjectiveCRuntime.m in Sources */,
				A664EFBD15CEEB8900182FFD /* MarshmallowsStaticLib.m in Sources */,
				A6BE0C6715D017D000E0F43D /* UIView+Marshmallows.m in Sources */,
			);
			runOnlyForDeploymentPostprocessing = 0;
		};
		CE28678714B36EC5001E11D7 /* Sources */ = {
			isa = PBXSourcesBuildPhase;
			buildActionMask = 2147483647;
			files = (
				CE840228151DD86100BDC2D2 /* MMAnimator.m in Sources */,
				CE84022A151DD86100BDC2D2 /* MMAnimatorTimingBlock.m in Sources */,
				CE84022C151DD86100BDC2D2 /* MMSimpleAnimator.m in Sources */,
				CE84022E151DD86100BDC2D2 /* MMSimplePinnedAnimator.m in Sources */,
				CE840230151DD86100BDC2D2 /* MMGLK.m in Sources */,
				CE840232151DD86100BDC2D2 /* MACrossfadeLayer.m in Sources */,
				CE840234151DD86100BDC2D2 /* MAImageCrossfadeLayer.m in Sources */,
				CE840236151DD86100BDC2D2 /* MAImageLayer.m in Sources */,
				CE840238151DD86100BDC2D2 /* MNSMutableObjectKeyDictionary.m in Sources */,
				CE84023A151DD86100BDC2D2 /* NSArray+Marshmallows.m in Sources */,
				CE84023C151DD86100BDC2D2 /* NSError+Marshmallows.m in Sources */,
				CE84023E151DD86100BDC2D2 /* NSTimer+MMBlocks.m in Sources */,
				CE840240151DD86100BDC2D2 /* MCMainThreadProxy.m in Sources */,
				CE840242151DD86100BDC2D2 /* MCSimpleThreadProxy.m in Sources */,
				CE840244151DD86100BDC2D2 /* MCThreadProxyAbstract.m in Sources */,
				CE840246151DD86100BDC2D2 /* MDBulkLogger.m in Sources */,
				CE840248151DD86100BDC2D2 /* MDTimeProfiler.mm in Sources */,
				CE84024A151DD86100BDC2D2 /* MDTimeProfilerOC.mm in Sources */,
				CE84024C151DD86100BDC2D2 /* MarshmallowMathFunctions.c in Sources */,
				CE84024E151DD86100BDC2D2 /* MPStopwatch.m in Sources */,
				CE840250151DD86100BDC2D2 /* MUICrossfadeView.m in Sources */,
				CE840252151DD86100BDC2D2 /* UIColor+Marshmallows.m in Sources */,
				CE840254151DD86100BDC2D2 /* UIImage+MMPixelData.m in Sources */,
				CE840256151DD86100BDC2D2 /* CEObjectiveCRuntime.m in Sources */,
				A61CB97915CEE0D00054DBCE /* main.m in Sources */,
				A61CB97E15CEE3850054DBCE /* MUIMultiToggleButton.m in Sources */,
				A61CB97F15CEE3850054DBCE /* MUIPushButton.m in Sources */,
				A664EFE615CEECB800182FFD /* MMAppDelegate.m in Sources */,
				A6BE0C6615D017D000E0F43D /* UIView+Marshmallows.m in Sources */,
			);
			runOnlyForDeploymentPostprocessing = 0;
		};
		CE2867A114B36EC5001E11D7 /* Sources */ = {
			isa = PBXSourcesBuildPhase;
			buildActionMask = 2147483647;
			files = (
				CE2868AB14BA1063001E11D7 /* UIImageMMPixelDataTests.m in Sources */,
				CE42C2B414BDDF000049319C /* MMAnimatorTests.m in Sources */,
				CE840229151DD86100BDC2D2 /* MMAnimator.m in Sources */,
				CE84022B151DD86100BDC2D2 /* MMAnimatorTimingBlock.m in Sources */,
				CE84022D151DD86100BDC2D2 /* MMSimpleAnimator.m in Sources */,
				CE84022F151DD86100BDC2D2 /* MMSimplePinnedAnimator.m in Sources */,
				CE840231151DD86100BDC2D2 /* MMGLK.m in Sources */,
				CE840233151DD86100BDC2D2 /* MACrossfadeLayer.m in Sources */,
				CE840235151DD86100BDC2D2 /* MAImageCrossfadeLayer.m in Sources */,
				CE840237151DD86100BDC2D2 /* MAImageLayer.m in Sources */,
				CE840239151DD86100BDC2D2 /* MNSMutableObjectKeyDictionary.m in Sources */,
				CE84023B151DD86100BDC2D2 /* NSArray+Marshmallows.m in Sources */,
				CE84023D151DD86100BDC2D2 /* NSError+Marshmallows.m in Sources */,
				CE84023F151DD86100BDC2D2 /* NSTimer+MMBlocks.m in Sources */,
				CE840241151DD86100BDC2D2 /* MCMainThreadProxy.m in Sources */,
				CE840243151DD86100BDC2D2 /* MCSimpleThreadProxy.m in Sources */,
				CE840245151DD86100BDC2D2 /* MCThreadProxyAbstract.m in Sources */,
				CE840247151DD86100BDC2D2 /* MDBulkLogger.m in Sources */,
				CE840249151DD86100BDC2D2 /* MDTimeProfiler.mm in Sources */,
				CE84024B151DD86100BDC2D2 /* MDTimeProfilerOC.mm in Sources */,
				CE84024D151DD86100BDC2D2 /* MarshmallowMathFunctions.c in Sources */,
				CE84024F151DD86100BDC2D2 /* MPStopwatch.m in Sources */,
				CE840251151DD86100BDC2D2 /* MUICrossfadeView.m in Sources */,
				CE840253151DD86100BDC2D2 /* UIColor+Marshmallows.m in Sources */,
				CE840255151DD86100BDC2D2 /* UIImage+MMPixelData.m in Sources */,
				CE840257151DD86100BDC2D2 /* CEObjectiveCRuntime.m in Sources */,
				CE84025A151DDDE900BDC2D2 /* MPStopwatchTests.m in Sources */,
			);
			runOnlyForDeploymentPostprocessing = 0;
		};
/* End PBXSourcesBuildPhase section */

/* Begin PBXTargetDependency section */
		CE28688514BA0D78001E11D7 /* PBXTargetDependency */ = {
			isa = PBXTargetDependency;
			target = CE28678A14B36EC5001E11D7 /* Marshmallows */;
			targetProxy = CE28688414BA0D78001E11D7 /* PBXContainerItemProxy */;
		};
/* End PBXTargetDependency section */

/* Begin PBXVariantGroup section */
		CE28687914BA0D6C001E11D7 /* InfoPlist.strings */ = {
			isa = PBXVariantGroup;
			children = (
				CE28687A14BA0D6C001E11D7 /* en */,
			);
			name = InfoPlist.strings;
			sourceTree = "<group>";
		};
		CE28689B14BA1063001E11D7 /* InfoPlist.strings */ = {
			isa = PBXVariantGroup;
			children = (
				CE28689C14BA1063001E11D7 /* en */,
			);
			name = InfoPlist.strings;
			sourceTree = "<group>";
		};
/* End PBXVariantGroup section */

/* Begin XCBuildConfiguration section */
		A664EFBF15CEEB8900182FFD /* Debug */ = {
			isa = XCBuildConfiguration;
			buildSettings = {
				CLANG_CXX_LANGUAGE_STANDARD = "gnu++0x";
				CLANG_WARN__DUPLICATE_METHOD_MATCH = YES;
				DSTROOT = /tmp/MarshmallowsStaticLib.dst;
				GCC_PRECOMPILE_PREFIX_HEADER = YES;
				GCC_PREFIX_HEADER = "MarshmallowsStaticLib/MarshmallowsStaticLib-Prefix.pch";
				GCC_WARN_UNINITIALIZED_AUTOS = YES;
				IPHONEOS_DEPLOYMENT_TARGET = 5.1;
				OTHER_LDFLAGS = "-ObjC";
				PRODUCT_NAME = "$(TARGET_NAME)";
				SKIP_INSTALL = YES;
			};
			name = Debug;
		};
		A664EFC015CEEB8900182FFD /* Release */ = {
			isa = XCBuildConfiguration;
			buildSettings = {
				CLANG_CXX_LANGUAGE_STANDARD = "gnu++0x";
				CLANG_WARN__DUPLICATE_METHOD_MATCH = YES;
				DSTROOT = /tmp/MarshmallowsStaticLib.dst;
				GCC_PRECOMPILE_PREFIX_HEADER = YES;
				GCC_PREFIX_HEADER = "MarshmallowsStaticLib/MarshmallowsStaticLib-Prefix.pch";
				GCC_WARN_UNINITIALIZED_AUTOS = YES;
				IPHONEOS_DEPLOYMENT_TARGET = 5.1;
				OTHER_LDFLAGS = "-ObjC";
				PRODUCT_NAME = "$(TARGET_NAME)";
				SKIP_INSTALL = YES;
			};
			name = Release;
		};
		CE2867B614B36EC5001E11D7 /* Debug */ = {
			isa = XCBuildConfiguration;
			buildSettings = {
				ALWAYS_SEARCH_USER_PATHS = NO;
				ARCHS = "$(ARCHS_STANDARD_32_BIT)";
				CLANG_ENABLE_OBJC_ARC = YES;
				"CODE_SIGN_IDENTITY[sdk=iphoneos*]" = "iPhone Developer";
				COPY_PHASE_STRIP = NO;
				GCC_C_LANGUAGE_STANDARD = gnu99;
				GCC_DYNAMIC_NO_PIC = NO;
				GCC_OPTIMIZATION_LEVEL = 0;
				GCC_PREPROCESSOR_DEFINITIONS = (
					"DEBUG=1",
					"$(inherited)",
				);
				GCC_SYMBOLS_PRIVATE_EXTERN = NO;
				GCC_VERSION = com.apple.compilers.llvm.clang.1_0;
				GCC_WARN_ABOUT_MISSING_PROTOTYPES = YES;
				GCC_WARN_ABOUT_RETURN_TYPE = YES;
				GCC_WARN_UNUSED_VARIABLE = YES;
				IPHONEOS_DEPLOYMENT_TARGET = 5.0;
				OTHER_LDFLAGS = (
					"-ObjC",
					"-all_load",
				);
				SDKROOT = iphoneos;
			};
			name = Debug;
		};
		CE2867B714B36EC5001E11D7 /* Release */ = {
			isa = XCBuildConfiguration;
			buildSettings = {
				ALWAYS_SEARCH_USER_PATHS = NO;
				ARCHS = "$(ARCHS_STANDARD_32_BIT)";
				CLANG_ENABLE_OBJC_ARC = YES;
				"CODE_SIGN_IDENTITY[sdk=iphoneos*]" = "iPhone Developer";
				COPY_PHASE_STRIP = YES;
				GCC_C_LANGUAGE_STANDARD = gnu99;
				GCC_VERSION = com.apple.compilers.llvm.clang.1_0;
				GCC_WARN_ABOUT_MISSING_PROTOTYPES = YES;
				GCC_WARN_ABOUT_RETURN_TYPE = YES;
				GCC_WARN_UNUSED_VARIABLE = YES;
				IPHONEOS_DEPLOYMENT_TARGET = 5.0;
				OTHER_CFLAGS = "-DNS_BLOCK_ASSERTIONS=1";
				OTHER_LDFLAGS = (
					"-ObjC",
					"-all_load",
				);
				SDKROOT = iphoneos;
				VALIDATE_PRODUCT = YES;
			};
			name = Release;
		};
		CE2867B914B36EC5001E11D7 /* Debug */ = {
			isa = XCBuildConfiguration;
			buildSettings = {
				GCC_PRECOMPILE_PREFIX_HEADER = YES;
				GCC_PREFIX_HEADER = "Project/Marshmallows-Prefix.pch";
				INFOPLIST_FILE = "Project/Marshmallows-Info.plist";
				OTHER_LDFLAGS = "";
				PRODUCT_NAME = "$(TARGET_NAME)";
				WRAPPER_EXTENSION = app;
			};
			name = Debug;
		};
		CE2867BA14B36EC5001E11D7 /* Release */ = {
			isa = XCBuildConfiguration;
			buildSettings = {
				GCC_PRECOMPILE_PREFIX_HEADER = YES;
				GCC_PREFIX_HEADER = "Project/Marshmallows-Prefix.pch";
				INFOPLIST_FILE = "Project/Marshmallows-Info.plist";
				OTHER_LDFLAGS = "";
				PRODUCT_NAME = "$(TARGET_NAME)";
				WRAPPER_EXTENSION = app;
			};
			name = Release;
		};
		CE2867BC14B36EC5001E11D7 /* Debug */ = {
			isa = XCBuildConfiguration;
			buildSettings = {
				BUNDLE_LOADER = "$(BUILT_PRODUCTS_DIR)/Marshmallows.app/Marshmallows";
				FRAMEWORK_SEARCH_PATHS = (
					"$(SDKROOT)/Developer/Library/Frameworks",
					"$(DEVELOPER_LIBRARY_DIR)/Frameworks",
				);
				GCC_PRECOMPILE_PREFIX_HEADER = YES;
				GCC_PREFIX_HEADER = "Project/Marshmallows-Prefix.pch";
				HEADER_SEARCH_PATHS = "";
				INFOPLIST_FILE = "Tests/MarshmallowsTests-Info.plist";
				PRODUCT_NAME = "$(TARGET_NAME)";
				TEST_HOST = "$(BUNDLE_LOADER)";
				WRAPPER_EXTENSION = octest;
			};
			name = Debug;
		};
		CE2867BD14B36EC5001E11D7 /* Release */ = {
			isa = XCBuildConfiguration;
			buildSettings = {
				BUNDLE_LOADER = "$(BUILT_PRODUCTS_DIR)/Marshmallows.app/Marshmallows";
				FRAMEWORK_SEARCH_PATHS = (
					"$(SDKROOT)/Developer/Library/Frameworks",
					"$(DEVELOPER_LIBRARY_DIR)/Frameworks",
				);
				GCC_PRECOMPILE_PREFIX_HEADER = YES;
				GCC_PREFIX_HEADER = "Project/Marshmallows-Prefix.pch";
				HEADER_SEARCH_PATHS = "";
				INFOPLIST_FILE = "Tests/MarshmallowsTests-Info.plist";
				PRODUCT_NAME = "$(TARGET_NAME)";
				TEST_HOST = "$(BUNDLE_LOADER)";
				WRAPPER_EXTENSION = octest;
			};
			name = Release;
		};
/* End XCBuildConfiguration section */

/* Begin XCConfigurationList section */
		A664EFBE15CEEB8900182FFD /* Build configuration list for PBXNativeTarget "MarshmallowsStaticLib" */ = {
			isa = XCConfigurationList;
			buildConfigurations = (
				A664EFBF15CEEB8900182FFD /* Debug */,
				A664EFC015CEEB8900182FFD /* Release */,
			);
			defaultConfigurationIsVisible = 0;
			defaultConfigurationName = Release;
		};
		CE28678514B36EC5001E11D7 /* Build configuration list for PBXProject "Marshmallows" */ = {
			isa = XCConfigurationList;
			buildConfigurations = (
				CE2867B614B36EC5001E11D7 /* Debug */,
				CE2867B714B36EC5001E11D7 /* Release */,
			);
			defaultConfigurationIsVisible = 0;
			defaultConfigurationName = Release;
		};
		CE2867B814B36EC5001E11D7 /* Build configuration list for PBXNativeTarget "Marshmallows" */ = {
			isa = XCConfigurationList;
			buildConfigurations = (
				CE2867B914B36EC5001E11D7 /* Debug */,
				CE2867BA14B36EC5001E11D7 /* Release */,
			);
			defaultConfigurationIsVisible = 0;
			defaultConfigurationName = Release;
		};
		CE2867BB14B36EC5001E11D7 /* Build configuration list for PBXNativeTarget "MarshmallowsTests" */ = {
			isa = XCConfigurationList;
			buildConfigurations = (
				CE2867BC14B36EC5001E11D7 /* Debug */,
				CE2867BD14B36EC5001E11D7 /* Release */,
			);
			defaultConfigurationIsVisible = 0;
			defaultConfigurationName = Release;
		};
/* End XCConfigurationList section */
	};
	rootObject = CE28678214B36EC5001E11D7 /* Project object */;
}
